// !$*UTF8*$!
{
	archiveVersion = 1;
	classes = {
	};
	objectVersion = 56;
	objects = {

/* Begin PBXBuildFile section */
		410BBC9D2C778C9B00FE2E18 /* Coordinator.swift in Sources */ = {isa = PBXBuildFile; fileRef = 410BBC9B2C778C9B00FE2E18 /* Coordinator.swift */; };
		410BBC9E2C778C9B00FE2E18 /* TabBarCoordinator.swift in Sources */ = {isa = PBXBuildFile; fileRef = 410BBC9C2C778C9B00FE2E18 /* TabBarCoordinator.swift */; };
		410BBCA62C778DF600FE2E18 /* Kingfisher in Frameworks */ = {isa = PBXBuildFile; productRef = 410BBCA52C778DF600FE2E18 /* Kingfisher */; };
		410BBCA92C778E0300FE2E18 /* KoTextCountLimit in Frameworks */ = {isa = PBXBuildFile; productRef = 410BBCA82C778E0300FE2E18 /* KoTextCountLimit */; };
		410BBCAC2C778E1500FE2E18 /* GoogleSignIn in Frameworks */ = {isa = PBXBuildFile; productRef = 410BBCAB2C778E1500FE2E18 /* GoogleSignIn */; };
		410BBCB62C778F1D00FE2E18 /* BoardEditorVC.swift in Sources */ = {isa = PBXBuildFile; fileRef = 4143E4542C6B47B5001AB3E0 /* BoardEditorVC.swift */; };
		410BBCB82C778F6A00FE2E18 /* BoardEditorTitleCVCell.swift in Sources */ = {isa = PBXBuildFile; fileRef = 411C4A4E2C7091E900FE3604 /* BoardEditorTitleCVCell.swift */; };
		410BBCB92C778F8200FE2E18 /* Extension+UICollectionView.swift in Sources */ = {isa = PBXBuildFile; fileRef = 4111E5822C6C670500DA2A3D /* Extension+UICollectionView.swift */; };
		410BBCBF2C77A59B00FE2E18 /* SERVICEKEY.xcconfig in Resources */ = {isa = PBXBuildFile; fileRef = 410BBCBE2C77A2FC00FE2E18 /* SERVICEKEY.xcconfig */; };
		410BBCC22C77B17500FE2E18 /* Extension+Color.swift in Sources */ = {isa = PBXBuildFile; fileRef = 410BBCC12C77B17400FE2E18 /* Extension+Color.swift */; };
		410BBCC32C77B28900FE2E18 /* BoardEditorHeaderCVCell.swift in Sources */ = {isa = PBXBuildFile; fileRef = 411C4A4C2C708F0500FE3604 /* BoardEditorHeaderCVCell.swift */; };
		410BBCC62C77B5C900FE2E18 /* LetportsUser.swift in Sources */ = {isa = PBXBuildFile; fileRef = 410BBCC52C77B5C900FE2E18 /* LetportsUser.swift */; };
		411C4A512C70925700FE3604 /* BoardEditorContentCVCell.swift in Sources */ = {isa = PBXBuildFile; fileRef = 411C4A502C70925700FE3604 /* BoardEditorContentCVCell.swift */; };
		411C4A532C70929800FE3604 /* BoardEditorPhotoCVCell.swift in Sources */ = {isa = PBXBuildFile; fileRef = 411C4A522C70929800FE3604 /* BoardEditorPhotoCVCell.swift */; };
		411D4E522C6337AE00B07D84 /* UserManager.swift in Sources */ = {isa = PBXBuildFile; fileRef = 411D4E512C6337AE00B07D84 /* UserManager.swift */; };
		413BE6432C65EA4E0070D6F9 /* GatheringUploadVC.swift in Sources */ = {isa = PBXBuildFile; fileRef = 413BE6422C65EA4E0070D6F9 /* GatheringUploadVC.swift */; };
		413BE6452C65EA540070D6F9 /* GatheringUploadVM.swift in Sources */ = {isa = PBXBuildFile; fileRef = 413BE6442C65EA540070D6F9 /* GatheringUploadVM.swift */; };
		413BE6472C65EA670070D6F9 /* GatheringUploadCoordinator.swift in Sources */ = {isa = PBXBuildFile; fileRef = 413BE6462C65EA670070D6F9 /* GatheringUploadCoordinator.swift */; };
		413BE64B2C65F0FC0070D6F9 /* CustomNavigationView.swift in Sources */ = {isa = PBXBuildFile; fileRef = 413BE6492C65F0FC0070D6F9 /* CustomNavigationView.swift */; };
		413BE64E2C65F1990070D6F9 /* Extension+UIImage.swift in Sources */ = {isa = PBXBuildFile; fileRef = 413BE64C2C65F1990070D6F9 /* Extension+UIImage.swift */; };
		413BE6552C65FAC60070D6F9 /* GatheringUploadMainTVCell.swift in Sources */ = {isa = PBXBuildFile; fileRef = 413BE6542C65FAC60070D6F9 /* GatheringUploadMainTVCell.swift */; };
		413BE6592C6607FB0070D6F9 /* GatheringUplaodImageTVCell.swift in Sources */ = {isa = PBXBuildFile; fileRef = 413BE6582C6607FB0070D6F9 /* GatheringUplaodImageTVCell.swift */; };
		413BE65B2C660E320070D6F9 /* GatheringUplaodTitleTVCell.swift in Sources */ = {isa = PBXBuildFile; fileRef = 413BE65A2C660E320070D6F9 /* GatheringUplaodTitleTVCell.swift */; };
		413BE65D2C662FF20070D6F9 /* GatheringUploadQuestionTVCell.swift in Sources */ = {isa = PBXBuildFile; fileRef = 413BE65C2C662FF20070D6F9 /* GatheringUploadQuestionTVCell.swift */; };
		413BE65F2C6632880070D6F9 /* GatheringUploadInfoTVCell.swift in Sources */ = {isa = PBXBuildFile; fileRef = 413BE65E2C6632880070D6F9 /* GatheringUploadInfoTVCell.swift */; };
		413BE6612C6633070070D6F9 /* GatheringUploadMemCntTVCell.swift in Sources */ = {isa = PBXBuildFile; fileRef = 413BE6602C6633070070D6F9 /* GatheringUploadMemCntTVCell.swift */; };
		4143E4592C6B47DF001AB3E0 /* BoardEditorVM.swift in Sources */ = {isa = PBXBuildFile; fileRef = 4143E4582C6B47DF001AB3E0 /* BoardEditorVM.swift */; };
		4143E45B2C6B47E9001AB3E0 /* BoardEditorCoordinator.swift in Sources */ = {isa = PBXBuildFile; fileRef = 4143E45A2C6B47E9001AB3E0 /* BoardEditorCoordinator.swift */; };
		41AA05292C72D9F2009FF289 /* FirebasStorageManager.swift in Sources */ = {isa = PBXBuildFile; fileRef = 41AA05282C72D9F2009FF289 /* FirebasStorageManager.swift */; };
		41AA05302C73000C009FF289 /* Common.swift in Sources */ = {isa = PBXBuildFile; fileRef = 41AA052F2C73000C009FF289 /* Common.swift */; };
		41AA05322C73020C009FF289 /* FirestoreManager.swift in Sources */ = {isa = PBXBuildFile; fileRef = 41AA05312C73020C009FF289 /* FirestoreManager.swift */; };
		41AA05342C731C86009FF289 /* LoadingIndicatorView.swift in Sources */ = {isa = PBXBuildFile; fileRef = 41AA05332C731C86009FF289 /* LoadingIndicatorView.swift */; };
		41C857C62C81B8820042B305 /* Extension+Date.swift in Sources */ = {isa = PBXBuildFile; fileRef = 41C857C52C81B8820042B305 /* Extension+Date.swift */; };
		41C886352C81FB8E000467AD /* GoogleService-Info.plist in Resources */ = {isa = PBXBuildFile; fileRef = 41C886342C81FB8E000467AD /* GoogleService-Info.plist */; };
		41CA6E132C6B2358007DB8F2 /* GatheringUploadVMTests.swift in Sources */ = {isa = PBXBuildFile; fileRef = 41CA6E122C6B2358007DB8F2 /* GatheringUploadVMTests.swift */; };
		41FB9B6B2C6ADAB700CF1A92 /* Extension+UITableView.swift in Sources */ = {isa = PBXBuildFile; fileRef = 41FB9B6A2C6ADAB700CF1A92 /* Extension+UITableView.swift */; };
		B824713B2C647F9F0067BD09 /* HomeVC.swift in Sources */ = {isa = PBXBuildFile; fileRef = B824713A2C647F9F0067BD09 /* HomeVC.swift */; };
		B824713D2C647FAF0067BD09 /* GatheringVC.swift in Sources */ = {isa = PBXBuildFile; fileRef = B824713C2C647FAF0067BD09 /* GatheringVC.swift */; };
		B82471432C64994E0067BD09 /* HomeCoordinator.swift in Sources */ = {isa = PBXBuildFile; fileRef = B82471422C64994E0067BD09 /* HomeCoordinator.swift */; };
		B82471452C6499590067BD09 /* GatheringCoordinator.swift in Sources */ = {isa = PBXBuildFile; fileRef = B82471442C6499590067BD09 /* GatheringCoordinator.swift */; };
		B85FD83C2C75AC2B007B4962 /* AppCoordinator.swift in Sources */ = {isa = PBXBuildFile; fileRef = B85FD83B2C75AC2B007B4962 /* AppCoordinator.swift */; };
		B85FD8532C7864DC007B4962 /* TeamSelectVC.swift in Sources */ = {isa = PBXBuildFile; fileRef = B85FD8522C7864DC007B4962 /* TeamSelectVC.swift */; };
		B85FD8842C79C539007B4962 /* TeamSelectVM.swift in Sources */ = {isa = PBXBuildFile; fileRef = B85FD8832C79C539007B4962 /* TeamSelectVM.swift */; };
		B85FD8862C79CCD0007B4962 /* SportsCategoryCell.swift in Sources */ = {isa = PBXBuildFile; fileRef = B85FD8852C79CCD0007B4962 /* SportsCategoryCell.swift */; };
		B85FD8882C79CCF3007B4962 /* SportsTeamCell.swift in Sources */ = {isa = PBXBuildFile; fileRef = B85FD8872C79CCF3007B4962 /* SportsTeamCell.swift */; };
		B88D9FB02C816E7300123410 /* TeamSelectCoordinator.swift in Sources */ = {isa = PBXBuildFile; fileRef = B88D9FAF2C816E7300123410 /* TeamSelectCoordinator.swift */; };
		B8D4D0B82C7468CE0039D33B /* AuthVC.swift in Sources */ = {isa = PBXBuildFile; fileRef = B8D4D0B72C7468CE0039D33B /* AuthVC.swift */; };
		B8D4D0C02C746ADE0039D33B /* AuthService.swift in Sources */ = {isa = PBXBuildFile; fileRef = B8D4D0BF2C746ADE0039D33B /* AuthService.swift */; };
		B8D4D0C22C746AE90039D33B /* AuthVM.swift in Sources */ = {isa = PBXBuildFile; fileRef = B8D4D0C12C746AE90039D33B /* AuthVM.swift */; };
		B8D4D0C42C746B3D0039D33B /* AuthCoordinator.swift in Sources */ = {isa = PBXBuildFile; fileRef = B8D4D0C32C746B3D0039D33B /* AuthCoordinator.swift */; };
		BF08A9612C78465200682AB8 /* JoinView.swift in Sources */ = {isa = PBXBuildFile; fileRef = BF08A9602C78465200682AB8 /* JoinView.swift */; };
		BF1283D32C72155000BEAE4C /* BoardBtnTVCell.swift in Sources */ = {isa = PBXBuildFile; fileRef = BF1283D22C72155000BEAE4C /* BoardBtnTVCell.swift */; };
		BF1283D52C72170B00BEAE4C /* BoardBtnCVCell.swift in Sources */ = {isa = PBXBuildFile; fileRef = BF1283D42C72170B00BEAE4C /* BoardBtnCVCell.swift */; };
		BF1283D72C7243F500BEAE4C /* GatheringDetailBoardTVCell.swift in Sources */ = {isa = PBXBuildFile; fileRef = BF1283D62C7243F500BEAE4C /* GatheringDetailBoardTVCell.swift */; };
		BF1283DB2C725CBF00BEAE4C /* JoinBtn.swift in Sources */ = {isa = PBXBuildFile; fileRef = BF1283DA2C725CBF00BEAE4C /* JoinBtn.swift */; };
		BF1283DD2C72659300BEAE4C /* GatheringImageTVCell.swift in Sources */ = {isa = PBXBuildFile; fileRef = BF1283DC2C72659300BEAE4C /* GatheringImageTVCell.swift */; };
		BF3882582C6B827B00C59A4F /* BoardTVCell.swift in Sources */ = {isa = PBXBuildFile; fileRef = BF3882572C6B827B00C59A4F /* BoardTVCell.swift */; };
		BF38825C2C6B886800C59A4F /* GatheringDetailVC.swift in Sources */ = {isa = PBXBuildFile; fileRef = BF38825B2C6B886800C59A4F /* GatheringDetailVC.swift */; };
		BF38825E2C6B887E00C59A4F /* GatheringDetailVM.swift in Sources */ = {isa = PBXBuildFile; fileRef = BF38825D2C6B887E00C59A4F /* GatheringDetailVM.swift */; };
		BF7BBE292C6B7FFC0094C29C /* GatheringTitleTVCell.swift in Sources */ = {isa = PBXBuildFile; fileRef = BF7BBE282C6B7FFC0094C29C /* GatheringTitleTVCell.swift */; };
		BF7BBE2E2C6B812E0094C29C /* GatheringDetailInfoTVCell.swift in Sources */ = {isa = PBXBuildFile; fileRef = BF7BBE2D2C6B812E0094C29C /* GatheringDetailInfoTVCell.swift */; };
		BF8874042C7A538000E86CA0 /* FirebaseAnalytics in Frameworks */ = {isa = PBXBuildFile; productRef = BF8874032C7A538000E86CA0 /* FirebaseAnalytics */; };
		BF8874062C7A538000E86CA0 /* FirebaseAuth in Frameworks */ = {isa = PBXBuildFile; productRef = BF8874052C7A538000E86CA0 /* FirebaseAuth */; };
		BF8874082C7A538000E86CA0 /* FirebaseFirestore in Frameworks */ = {isa = PBXBuildFile; productRef = BF8874072C7A538000E86CA0 /* FirebaseFirestore */; };
		BF88740A2C7A538000E86CA0 /* FirebaseStorage in Frameworks */ = {isa = PBXBuildFile; productRef = BF8874092C7A538000E86CA0 /* FirebaseStorage */; };
		BF8972692C75AC960015CBF2 /* GatheringBoardCommentTVCell.swift in Sources */ = {isa = PBXBuildFile; fileRef = BFC55FDD2C7438E60084CA10 /* GatheringBoardCommentTVCell.swift */; };
		BF89726A2C75ACAA0015CBF2 /* PostBtn.swift in Sources */ = {isa = PBXBuildFile; fileRef = BFFFD3E52C7316D40053A86B /* PostBtn.swift */; };
		BF89726B2C75AD2D0015CBF2 /* BoardEditorVM.swift in Sources */ = {isa = PBXBuildFile; fileRef = 4143E4582C6B47DF001AB3E0 /* BoardEditorVM.swift */; };
		BF89726C2C75AD5E0015CBF2 /* SeperatorLineTVCell.swift in Sources */ = {isa = PBXBuildFile; fileRef = 413BE6562C6605B00070D6F9 /* SeperatorLineTVCell.swift */; };
		BF90E8B42C6C49E1008FA61E /* GatheringDetailProfileTVCell.swift in Sources */ = {isa = PBXBuildFile; fileRef = BF90E8B32C6C49E1008FA61E /* GatheringDetailProfileTVCell.swift */; };
		BFAA71212C6C94C500FC402C /* GatheringDetailProfileCVCell.swift in Sources */ = {isa = PBXBuildFile; fileRef = BFAA71202C6C94C500FC402C /* GatheringDetailProfileCVCell.swift */; };
		BFB7754B2C7C9A9500709E5A /* GatheringVM.swift in Sources */ = {isa = PBXBuildFile; fileRef = F703EC312C788272003C994C /* GatheringVM.swift */; };
		BFC55FDC2C742F9A0084CA10 /* CommentTVCell.swift in Sources */ = {isa = PBXBuildFile; fileRef = BFC55FDB2C742F9A0084CA10 /* CommentTVCell.swift */; };
		BFC55FE02C7440130084CA10 /* CommentInputView.swift in Sources */ = {isa = PBXBuildFile; fileRef = BFC55FDF2C7440130084CA10 /* CommentInputView.swift */; };
		BFD9AEF22C76D9FB000C3A20 /* GatheringDetailCoordinator.swift in Sources */ = {isa = PBXBuildFile; fileRef = BFD9AEF12C76D9FB000C3A20 /* GatheringDetailCoordinator.swift */; };
		BFD9AF072C772E80000C3A20 /* GatheringBoardDetailCoordinator.swift in Sources */ = {isa = PBXBuildFile; fileRef = BFD9AF062C772E80000C3A20 /* GatheringBoardDetailCoordinator.swift */; };
		BFF52D292C6C3A4900AC72C8 /* ViewController.swift in Sources */ = {isa = PBXBuildFile; fileRef = BFF52D282C6C3A4900AC72C8 /* ViewController.swift */; };
		BFFFD3E82C7328130053A86B /* CurrentMemTVCell.swift in Sources */ = {isa = PBXBuildFile; fileRef = BFFFD3E72C7328130053A86B /* CurrentMemTVCell.swift */; };
		BFFFD3EB2C73314A0053A86B /* GatheringBoardDetailVC.swift in Sources */ = {isa = PBXBuildFile; fileRef = BFFFD3EA2C73314A0053A86B /* GatheringBoardDetailVC.swift */; };
		BFFFD3ED2C7333FC0053A86B /* GatheringBoardDetailVM.swift in Sources */ = {isa = PBXBuildFile; fileRef = BFFFD3EC2C7333FC0053A86B /* GatheringBoardDetailVM.swift */; };
		BFFFD3F02C7336B90053A86B /* GatheringBoardDetailProfileTVCell.swift in Sources */ = {isa = PBXBuildFile; fileRef = BFFFD3EF2C7336B90053A86B /* GatheringBoardDetailProfileTVCell.swift */; };
		BFFFD3F22C7341720053A86B /* GatheringBoardDetailContentTVCell.swift in Sources */ = {isa = PBXBuildFile; fileRef = BFFFD3F12C7341720053A86B /* GatheringBoardDetailContentTVCell.swift */; };
		BFFFD3F42C73A2690053A86B /* GatheringBoardDetailImagesCVCell.swift in Sources */ = {isa = PBXBuildFile; fileRef = BFFFD3F32C73A2690053A86B /* GatheringBoardDetailImagesCVCell.swift */; };
		BFFFD3F62C73A5F60053A86B /* GatheringBoardDetailImagesTVCell.swift in Sources */ = {isa = PBXBuildFile; fileRef = BFFFD3F52C73A5F60053A86B /* GatheringBoardDetailImagesTVCell.swift */; };
		BFFFD3F82C73BB820053A86B /* CommentHeaderLabelTVCell.swift in Sources */ = {isa = PBXBuildFile; fileRef = BFFFD3F72C73BB820053A86B /* CommentHeaderLabelTVCell.swift */; };
		D8201FB22C606934004DF06C /* AppDelegate.swift in Sources */ = {isa = PBXBuildFile; fileRef = D8201FB12C606934004DF06C /* AppDelegate.swift */; };
		D8201FB42C606934004DF06C /* SceneDelegate.swift in Sources */ = {isa = PBXBuildFile; fileRef = D8201FB32C606934004DF06C /* SceneDelegate.swift */; };
		D8201FB82C606935004DF06C /* Assets.xcassets in Resources */ = {isa = PBXBuildFile; fileRef = D8201FB72C606935004DF06C /* Assets.xcassets */; };
		D8201FBB2C606935004DF06C /* Base in Resources */ = {isa = PBXBuildFile; fileRef = D8201FBA2C606935004DF06C /* Base */; };
		D8201FC62C606935004DF06C /* LetportsTests.swift in Sources */ = {isa = PBXBuildFile; fileRef = D8201FC52C606935004DF06C /* LetportsTests.swift */; };
		D8201FD02C606935004DF06C /* LetportsUITests.swift in Sources */ = {isa = PBXBuildFile; fileRef = D8201FCF2C606935004DF06C /* LetportsUITests.swift */; };
		D8201FD22C606935004DF06C /* LetportsUITestsLaunchTests.swift in Sources */ = {isa = PBXBuildFile; fileRef = D8201FD12C606935004DF06C /* LetportsUITestsLaunchTests.swift */; };
		D8299F342C776219003D29AC /* GatherSectionTVCell.swift in Sources */ = {isa = PBXBuildFile; fileRef = D8299F282C776219003D29AC /* GatherSectionTVCell.swift */; };
		D8299F352C776219003D29AC /* GatherSettingCoordinator.swift in Sources */ = {isa = PBXBuildFile; fileRef = D8299F2F2C776219003D29AC /* GatherSettingCoordinator.swift */; };
		D8299F362C776219003D29AC /* GatherSettingVM.swift in Sources */ = {isa = PBXBuildFile; fileRef = D8299F312C776219003D29AC /* GatherSettingVM.swift */; };
		D8299F372C776219003D29AC /* GatherSettingVC.swift in Sources */ = {isa = PBXBuildFile; fileRef = D8299F302C776219003D29AC /* GatherSettingVC.swift */; };
		D8299F392C776219003D29AC /* GatherUserTVCell.swift in Sources */ = {isa = PBXBuildFile; fileRef = D8299F292C776219003D29AC /* GatherUserTVCell.swift */; };
		D8299F3A2C776219003D29AC /* GatherDeleteTVCell.swift in Sources */ = {isa = PBXBuildFile; fileRef = D8299F272C776219003D29AC /* GatherDeleteTVCell.swift */; };
		D8299F3B2C776219003D29AC /* ManageUserView.swift in Sources */ = {isa = PBXBuildFile; fileRef = D8299F2C2C776219003D29AC /* ManageUserView.swift */; };
		D8299F472C77622C003D29AC /* ProfileVM.swift in Sources */ = {isa = PBXBuildFile; fileRef = D8299F442C77622C003D29AC /* ProfileVM.swift */; };
		D8299F4A2C77622C003D29AC /* ProfileTVCell.swift in Sources */ = {isa = PBXBuildFile; fileRef = D8299F3D2C77622C003D29AC /* ProfileTVCell.swift */; };
		D8299F4C2C77622C003D29AC /* GatheringTVCell.swift in Sources */ = {isa = PBXBuildFile; fileRef = D8299F3C2C77622C003D29AC /* GatheringTVCell.swift */; };
		D8299F4D2C77622C003D29AC /* SectionTVCell.swift in Sources */ = {isa = PBXBuildFile; fileRef = D8299F3E2C77622C003D29AC /* SectionTVCell.swift */; };
		D8299F4E2C77622C003D29AC /* SettingVC.swift in Sources */ = {isa = PBXBuildFile; fileRef = D8299F452C77622C003D29AC /* SettingVC.swift */; };
		D8299F5B2C776313003D29AC /* ProfileEditCoordinator.swift in Sources */ = {isa = PBXBuildFile; fileRef = D8299F552C776313003D29AC /* ProfileEditCoordinator.swift */; };
		D8299F5C2C776313003D29AC /* ProfileEditVC.swift in Sources */ = {isa = PBXBuildFile; fileRef = D8299F562C776313003D29AC /* ProfileEditVC.swift */; };
		D8299F5D2C776313003D29AC /* ProfileEditVM.swift in Sources */ = {isa = PBXBuildFile; fileRef = D8299F582C776313003D29AC /* ProfileEditVM.swift */; };
		D8299F632C776425003D29AC /* ProfileCoordinator.swift in Sources */ = {isa = PBXBuildFile; fileRef = D8299F622C776425003D29AC /* ProfileCoordinator.swift */; };
		D8299F6A2C776555003D29AC /* ProfileVC.swift in Sources */ = {isa = PBXBuildFile; fileRef = D8299F692C776555003D29AC /* ProfileVC.swift */; };
		D8299F712C777D2A003D29AC /* SportsTeam.swift in Sources */ = {isa = PBXBuildFile; fileRef = D8299F702C777D27003D29AC /* SportsTeam.swift */; };
		D8299F732C777D4E003D29AC /* Gathering.swift in Sources */ = {isa = PBXBuildFile; fileRef = D8299F722C777D4B003D29AC /* Gathering.swift */; };
		D8299F752C777D7F003D29AC /* GatheringMember.swift in Sources */ = {isa = PBXBuildFile; fileRef = D8299F742C777D7B003D29AC /* GatheringMember.swift */; };
		D8299F772C777DA7003D29AC /* Comment.swift in Sources */ = {isa = PBXBuildFile; fileRef = D8299F762C777DA2003D29AC /* Comment.swift */; };
		D8299F792C777DCF003D29AC /* Post.swift in Sources */ = {isa = PBXBuildFile; fileRef = D8299F782C777DCD003D29AC /* Post.swift */; };
		D845E0D22C79CBCC006DD879 /* UserProfileVC.swift in Sources */ = {isa = PBXBuildFile; fileRef = D845E0D12C79CBC3006DD879 /* UserProfileVC.swift */; };
		D845E0D42C79CBE1006DD879 /* UserProfileVM.swift in Sources */ = {isa = PBXBuildFile; fileRef = D845E0D32C79CBE1006DD879 /* UserProfileVM.swift */; };
		D845E0D62C79CC17006DD879 /* UserProfileCoordinator.swift in Sources */ = {isa = PBXBuildFile; fileRef = D845E0D52C79CC17006DD879 /* UserProfileCoordinator.swift */; };
		D8638D782C7C264900AC0107 /* UserProfileTVCell.swift in Sources */ = {isa = PBXBuildFile; fileRef = D8638D772C7C264400AC0107 /* UserProfileTVCell.swift */; };
		D877C9762C789B50008C4695 /* ProfileImageTVCell.swift in Sources */ = {isa = PBXBuildFile; fileRef = D877C9752C789B50008C4695 /* ProfileImageTVCell.swift */; };
		D877C97A2C789B8C008C4695 /* NickNameTVCell.swift in Sources */ = {isa = PBXBuildFile; fileRef = D877C9792C789B8C008C4695 /* NickNameTVCell.swift */; };
		D877C97C2C789B97008C4695 /* SimpleInfoTVCell.swift in Sources */ = {isa = PBXBuildFile; fileRef = D877C97B2C789B97008C4695 /* SimpleInfoTVCell.swift */; };
		D89C405B2C80956600E105F9 /* SeparatorTVCell.swift in Sources */ = {isa = PBXBuildFile; fileRef = D89C405A2C80956600E105F9 /* SeparatorTVCell.swift */; };
		F77525F92C7D6CD00046E5F9 /* TitleTVCell.swift in Sources */ = {isa = PBXBuildFile; fileRef = F77525F82C7D6CD00046E5F9 /* TitleTVCell.swift */; };
		F77525FB2C7D6CE10046E5F9 /* HomeProfileTVCell.swift in Sources */ = {isa = PBXBuildFile; fileRef = F77525FA2C7D6CE10046E5F9 /* HomeProfileTVCell.swift */; };
		F77525FD2C7D6CF10046E5F9 /* YoutubeThumbnailTVCell.swift in Sources */ = {isa = PBXBuildFile; fileRef = F77525FC2C7D6CF10046E5F9 /* YoutubeThumbnailTVCell.swift */; };
		F77525FF2C7D6CFE0046E5F9 /* RecommendGatheringTVCell.swift in Sources */ = {isa = PBXBuildFile; fileRef = F77525FE2C7D6CFE0046E5F9 /* RecommendGatheringTVCell.swift */; };
		F77526042C7DC5B00046E5F9 /* RecommendGatheringListsCVCell.swift in Sources */ = {isa = PBXBuildFile; fileRef = F77526032C7DC5B00046E5F9 /* RecommendGatheringListsCVCell.swift */; };
		F78A24C22C7C4C8E00471331 /* Team.swift in Sources */ = {isa = PBXBuildFile; fileRef = F78A24C12C7C4C8E00471331 /* Team.swift */; };
		F78A24C32C7C595C00471331 /* GatheringVM.swift in Sources */ = {isa = PBXBuildFile; fileRef = F703EC312C788272003C994C /* GatheringVM.swift */; };
		F7C1AA652C746A7C009D0728 /* HomeVM.swift in Sources */ = {isa = PBXBuildFile; fileRef = F7C1AA642C746A7C009D0728 /* HomeVM.swift */; };
		F7C1AA672C746A94009D0728 /* URLVC.swift in Sources */ = {isa = PBXBuildFile; fileRef = F7C1AA662C746A94009D0728 /* URLVC.swift */; };
/* End PBXBuildFile section */

/* Begin PBXContainerItemProxy section */
		D8201FC22C606935004DF06C /* PBXContainerItemProxy */ = {
			isa = PBXContainerItemProxy;
			containerPortal = D8201FA62C606934004DF06C /* Project object */;
			proxyType = 1;
			remoteGlobalIDString = D8201FAD2C606934004DF06C;
			remoteInfo = Letports;
		};
		D8201FCC2C606935004DF06C /* PBXContainerItemProxy */ = {
			isa = PBXContainerItemProxy;
			containerPortal = D8201FA62C606934004DF06C /* Project object */;
			proxyType = 1;
			remoteGlobalIDString = D8201FAD2C606934004DF06C;
			remoteInfo = Letports;
		};
/* End PBXContainerItemProxy section */

/* Begin PBXFileReference section */
		410BBC9B2C778C9B00FE2E18 /* Coordinator.swift */ = {isa = PBXFileReference; fileEncoding = 4; lastKnownFileType = sourcecode.swift; path = Coordinator.swift; sourceTree = "<group>"; };
		410BBC9C2C778C9B00FE2E18 /* TabBarCoordinator.swift */ = {isa = PBXFileReference; fileEncoding = 4; lastKnownFileType = sourcecode.swift; path = TabBarCoordinator.swift; sourceTree = "<group>"; };
		410BBCBE2C77A2FC00FE2E18 /* SERVICEKEY.xcconfig */ = {isa = PBXFileReference; lastKnownFileType = text.xcconfig; name = SERVICEKEY.xcconfig; path = ../SERVICEKEY.xcconfig; sourceTree = "<group>"; };
		410BBCC12C77B17400FE2E18 /* Extension+Color.swift */ = {isa = PBXFileReference; fileEncoding = 4; lastKnownFileType = sourcecode.swift; path = "Extension+Color.swift"; sourceTree = "<group>"; };
		410BBCC52C77B5C900FE2E18 /* LetportsUser.swift */ = {isa = PBXFileReference; fileEncoding = 4; lastKnownFileType = sourcecode.swift; path = LetportsUser.swift; sourceTree = "<group>"; };
		4111E5822C6C670500DA2A3D /* Extension+UICollectionView.swift */ = {isa = PBXFileReference; lastKnownFileType = sourcecode.swift; path = "Extension+UICollectionView.swift"; sourceTree = "<group>"; };
		411C4A4C2C708F0500FE3604 /* BoardEditorHeaderCVCell.swift */ = {isa = PBXFileReference; lastKnownFileType = sourcecode.swift; path = BoardEditorHeaderCVCell.swift; sourceTree = "<group>"; };
		411C4A4E2C7091E900FE3604 /* BoardEditorTitleCVCell.swift */ = {isa = PBXFileReference; lastKnownFileType = sourcecode.swift; path = BoardEditorTitleCVCell.swift; sourceTree = "<group>"; };
		411C4A502C70925700FE3604 /* BoardEditorContentCVCell.swift */ = {isa = PBXFileReference; lastKnownFileType = sourcecode.swift; path = BoardEditorContentCVCell.swift; sourceTree = "<group>"; };
		411C4A522C70929800FE3604 /* BoardEditorPhotoCVCell.swift */ = {isa = PBXFileReference; lastKnownFileType = sourcecode.swift; path = BoardEditorPhotoCVCell.swift; sourceTree = "<group>"; };
		411D4E512C6337AE00B07D84 /* UserManager.swift */ = {isa = PBXFileReference; lastKnownFileType = sourcecode.swift; path = UserManager.swift; sourceTree = "<group>"; };
		413BE6422C65EA4E0070D6F9 /* GatheringUploadVC.swift */ = {isa = PBXFileReference; lastKnownFileType = sourcecode.swift; path = GatheringUploadVC.swift; sourceTree = "<group>"; };
		413BE6442C65EA540070D6F9 /* GatheringUploadVM.swift */ = {isa = PBXFileReference; lastKnownFileType = sourcecode.swift; path = GatheringUploadVM.swift; sourceTree = "<group>"; };
		413BE6462C65EA670070D6F9 /* GatheringUploadCoordinator.swift */ = {isa = PBXFileReference; lastKnownFileType = sourcecode.swift; path = GatheringUploadCoordinator.swift; sourceTree = "<group>"; };
		413BE6492C65F0FC0070D6F9 /* CustomNavigationView.swift */ = {isa = PBXFileReference; fileEncoding = 4; lastKnownFileType = sourcecode.swift; path = CustomNavigationView.swift; sourceTree = "<group>"; };
		413BE64C2C65F1990070D6F9 /* Extension+UIImage.swift */ = {isa = PBXFileReference; fileEncoding = 4; lastKnownFileType = sourcecode.swift; path = "Extension+UIImage.swift"; sourceTree = "<group>"; };
		413BE6542C65FAC60070D6F9 /* GatheringUploadMainTVCell.swift */ = {isa = PBXFileReference; lastKnownFileType = sourcecode.swift; path = GatheringUploadMainTVCell.swift; sourceTree = "<group>"; };
		413BE6562C6605B00070D6F9 /* SeperatorLineTVCell.swift */ = {isa = PBXFileReference; lastKnownFileType = sourcecode.swift; path = SeperatorLineTVCell.swift; sourceTree = "<group>"; };
		413BE6582C6607FB0070D6F9 /* GatheringUplaodImageTVCell.swift */ = {isa = PBXFileReference; lastKnownFileType = sourcecode.swift; path = GatheringUplaodImageTVCell.swift; sourceTree = "<group>"; };
		413BE65A2C660E320070D6F9 /* GatheringUplaodTitleTVCell.swift */ = {isa = PBXFileReference; lastKnownFileType = sourcecode.swift; path = GatheringUplaodTitleTVCell.swift; sourceTree = "<group>"; };
		413BE65C2C662FF20070D6F9 /* GatheringUploadQuestionTVCell.swift */ = {isa = PBXFileReference; lastKnownFileType = sourcecode.swift; path = GatheringUploadQuestionTVCell.swift; sourceTree = "<group>"; };
		413BE65E2C6632880070D6F9 /* GatheringUploadInfoTVCell.swift */ = {isa = PBXFileReference; lastKnownFileType = sourcecode.swift; path = GatheringUploadInfoTVCell.swift; sourceTree = "<group>"; };
		413BE6602C6633070070D6F9 /* GatheringUploadMemCntTVCell.swift */ = {isa = PBXFileReference; lastKnownFileType = sourcecode.swift; path = GatheringUploadMemCntTVCell.swift; sourceTree = "<group>"; };
		4143E4542C6B47B5001AB3E0 /* BoardEditorVC.swift */ = {isa = PBXFileReference; lastKnownFileType = sourcecode.swift; path = BoardEditorVC.swift; sourceTree = "<group>"; };
		4143E4582C6B47DF001AB3E0 /* BoardEditorVM.swift */ = {isa = PBXFileReference; lastKnownFileType = sourcecode.swift; path = BoardEditorVM.swift; sourceTree = "<group>"; };
		4143E45A2C6B47E9001AB3E0 /* BoardEditorCoordinator.swift */ = {isa = PBXFileReference; lastKnownFileType = sourcecode.swift; path = BoardEditorCoordinator.swift; sourceTree = "<group>"; };
		41AA05282C72D9F2009FF289 /* FirebasStorageManager.swift */ = {isa = PBXFileReference; lastKnownFileType = sourcecode.swift; path = FirebasStorageManager.swift; sourceTree = "<group>"; };
		41AA052F2C73000C009FF289 /* Common.swift */ = {isa = PBXFileReference; lastKnownFileType = sourcecode.swift; path = Common.swift; sourceTree = "<group>"; };
		41AA05312C73020C009FF289 /* FirestoreManager.swift */ = {isa = PBXFileReference; lastKnownFileType = sourcecode.swift; path = FirestoreManager.swift; sourceTree = "<group>"; };
		41AA05332C731C86009FF289 /* LoadingIndicatorView.swift */ = {isa = PBXFileReference; lastKnownFileType = sourcecode.swift; path = LoadingIndicatorView.swift; sourceTree = "<group>"; };
		41C857C52C81B8820042B305 /* Extension+Date.swift */ = {isa = PBXFileReference; lastKnownFileType = sourcecode.swift; path = "Extension+Date.swift"; sourceTree = "<group>"; };
		41C886332C81F9D8000467AD /* Letports.entitlements */ = {isa = PBXFileReference; fileEncoding = 4; lastKnownFileType = text.plist.entitlements; path = Letports.entitlements; sourceTree = "<group>"; };
		41C886342C81FB8E000467AD /* GoogleService-Info.plist */ = {isa = PBXFileReference; fileEncoding = 4; lastKnownFileType = text.plist.xml; path = "GoogleService-Info.plist"; sourceTree = SOURCE_ROOT; };
		41CA6E122C6B2358007DB8F2 /* GatheringUploadVMTests.swift */ = {isa = PBXFileReference; lastKnownFileType = sourcecode.swift; path = GatheringUploadVMTests.swift; sourceTree = "<group>"; };
		41FB9B6A2C6ADAB700CF1A92 /* Extension+UITableView.swift */ = {isa = PBXFileReference; lastKnownFileType = sourcecode.swift; path = "Extension+UITableView.swift"; sourceTree = "<group>"; };
		B824713A2C647F9F0067BD09 /* HomeVC.swift */ = {isa = PBXFileReference; lastKnownFileType = sourcecode.swift; path = HomeVC.swift; sourceTree = "<group>"; };
		B824713C2C647FAF0067BD09 /* GatheringVC.swift */ = {isa = PBXFileReference; lastKnownFileType = sourcecode.swift; path = GatheringVC.swift; sourceTree = "<group>"; };
		B82471422C64994E0067BD09 /* HomeCoordinator.swift */ = {isa = PBXFileReference; lastKnownFileType = sourcecode.swift; path = HomeCoordinator.swift; sourceTree = "<group>"; };
		B82471442C6499590067BD09 /* GatheringCoordinator.swift */ = {isa = PBXFileReference; lastKnownFileType = sourcecode.swift; path = GatheringCoordinator.swift; sourceTree = "<group>"; };
		B85FD83B2C75AC2B007B4962 /* AppCoordinator.swift */ = {isa = PBXFileReference; lastKnownFileType = sourcecode.swift; path = AppCoordinator.swift; sourceTree = "<group>"; };
		B85FD8522C7864DC007B4962 /* TeamSelectVC.swift */ = {isa = PBXFileReference; lastKnownFileType = sourcecode.swift; path = TeamSelectVC.swift; sourceTree = "<group>"; };
		B85FD8832C79C539007B4962 /* TeamSelectVM.swift */ = {isa = PBXFileReference; lastKnownFileType = sourcecode.swift; path = TeamSelectVM.swift; sourceTree = "<group>"; };
		B85FD8852C79CCD0007B4962 /* SportsCategoryCell.swift */ = {isa = PBXFileReference; lastKnownFileType = sourcecode.swift; path = SportsCategoryCell.swift; sourceTree = "<group>"; };
		B85FD8872C79CCF3007B4962 /* SportsTeamCell.swift */ = {isa = PBXFileReference; lastKnownFileType = sourcecode.swift; path = SportsTeamCell.swift; sourceTree = "<group>"; };
		B88D9FAF2C816E7300123410 /* TeamSelectCoordinator.swift */ = {isa = PBXFileReference; lastKnownFileType = sourcecode.swift; path = TeamSelectCoordinator.swift; sourceTree = "<group>"; };
		B8D4D0B72C7468CE0039D33B /* AuthVC.swift */ = {isa = PBXFileReference; lastKnownFileType = sourcecode.swift; path = AuthVC.swift; sourceTree = "<group>"; };
		B8D4D0BF2C746ADE0039D33B /* AuthService.swift */ = {isa = PBXFileReference; lastKnownFileType = sourcecode.swift; path = AuthService.swift; sourceTree = "<group>"; };
		B8D4D0C12C746AE90039D33B /* AuthVM.swift */ = {isa = PBXFileReference; lastKnownFileType = sourcecode.swift; path = AuthVM.swift; sourceTree = "<group>"; };
		B8D4D0C32C746B3D0039D33B /* AuthCoordinator.swift */ = {isa = PBXFileReference; lastKnownFileType = sourcecode.swift; path = AuthCoordinator.swift; sourceTree = "<group>"; };
		BF08A9602C78465200682AB8 /* JoinView.swift */ = {isa = PBXFileReference; lastKnownFileType = sourcecode.swift; path = JoinView.swift; sourceTree = "<group>"; };
		BF1283D22C72155000BEAE4C /* BoardBtnTVCell.swift */ = {isa = PBXFileReference; lastKnownFileType = sourcecode.swift; path = BoardBtnTVCell.swift; sourceTree = "<group>"; };
		BF1283D42C72170B00BEAE4C /* BoardBtnCVCell.swift */ = {isa = PBXFileReference; lastKnownFileType = sourcecode.swift; path = BoardBtnCVCell.swift; sourceTree = "<group>"; };
		BF1283D62C7243F500BEAE4C /* GatheringDetailBoardTVCell.swift */ = {isa = PBXFileReference; lastKnownFileType = sourcecode.swift; path = GatheringDetailBoardTVCell.swift; sourceTree = "<group>"; };
		BF1283DA2C725CBF00BEAE4C /* JoinBtn.swift */ = {isa = PBXFileReference; lastKnownFileType = sourcecode.swift; path = JoinBtn.swift; sourceTree = "<group>"; };
		BF1283DC2C72659300BEAE4C /* GatheringImageTVCell.swift */ = {isa = PBXFileReference; lastKnownFileType = sourcecode.swift; path = GatheringImageTVCell.swift; sourceTree = "<group>"; };
		BF3882572C6B827B00C59A4F /* BoardTVCell.swift */ = {isa = PBXFileReference; lastKnownFileType = sourcecode.swift; path = BoardTVCell.swift; sourceTree = "<group>"; };
		BF38825B2C6B886800C59A4F /* GatheringDetailVC.swift */ = {isa = PBXFileReference; lastKnownFileType = sourcecode.swift; path = GatheringDetailVC.swift; sourceTree = "<group>"; };
		BF38825D2C6B887E00C59A4F /* GatheringDetailVM.swift */ = {isa = PBXFileReference; lastKnownFileType = sourcecode.swift; path = GatheringDetailVM.swift; sourceTree = "<group>"; };
		BF7BBE282C6B7FFC0094C29C /* GatheringTitleTVCell.swift */ = {isa = PBXFileReference; lastKnownFileType = sourcecode.swift; path = GatheringTitleTVCell.swift; sourceTree = "<group>"; };
		BF7BBE2D2C6B812E0094C29C /* GatheringDetailInfoTVCell.swift */ = {isa = PBXFileReference; lastKnownFileType = sourcecode.swift; path = GatheringDetailInfoTVCell.swift; sourceTree = "<group>"; };
		BF90E8B32C6C49E1008FA61E /* GatheringDetailProfileTVCell.swift */ = {isa = PBXFileReference; lastKnownFileType = sourcecode.swift; path = GatheringDetailProfileTVCell.swift; sourceTree = "<group>"; };
		BFAA71202C6C94C500FC402C /* GatheringDetailProfileCVCell.swift */ = {isa = PBXFileReference; fileEncoding = 4; lastKnownFileType = sourcecode.swift; path = GatheringDetailProfileCVCell.swift; sourceTree = "<group>"; };
		BFC55FDB2C742F9A0084CA10 /* CommentTVCell.swift */ = {isa = PBXFileReference; lastKnownFileType = sourcecode.swift; path = CommentTVCell.swift; sourceTree = "<group>"; };
		BFC55FDD2C7438E60084CA10 /* GatheringBoardCommentTVCell.swift */ = {isa = PBXFileReference; lastKnownFileType = sourcecode.swift; path = GatheringBoardCommentTVCell.swift; sourceTree = "<group>"; };
		BFC55FDF2C7440130084CA10 /* CommentInputView.swift */ = {isa = PBXFileReference; lastKnownFileType = sourcecode.swift; path = CommentInputView.swift; sourceTree = "<group>"; };
		BFD9AEF12C76D9FB000C3A20 /* GatheringDetailCoordinator.swift */ = {isa = PBXFileReference; lastKnownFileType = sourcecode.swift; path = GatheringDetailCoordinator.swift; sourceTree = "<group>"; };
		BFD9AF062C772E80000C3A20 /* GatheringBoardDetailCoordinator.swift */ = {isa = PBXFileReference; lastKnownFileType = sourcecode.swift; path = GatheringBoardDetailCoordinator.swift; sourceTree = "<group>"; };
		BFF52D282C6C3A4900AC72C8 /* ViewController.swift */ = {isa = PBXFileReference; lastKnownFileType = sourcecode.swift; path = ViewController.swift; sourceTree = "<group>"; };
		BFFFD3E52C7316D40053A86B /* PostBtn.swift */ = {isa = PBXFileReference; lastKnownFileType = sourcecode.swift; path = PostBtn.swift; sourceTree = "<group>"; };
		BFFFD3E72C7328130053A86B /* CurrentMemTVCell.swift */ = {isa = PBXFileReference; lastKnownFileType = sourcecode.swift; path = CurrentMemTVCell.swift; sourceTree = "<group>"; };
		BFFFD3EA2C73314A0053A86B /* GatheringBoardDetailVC.swift */ = {isa = PBXFileReference; lastKnownFileType = sourcecode.swift; path = GatheringBoardDetailVC.swift; sourceTree = "<group>"; };
		BFFFD3EC2C7333FC0053A86B /* GatheringBoardDetailVM.swift */ = {isa = PBXFileReference; lastKnownFileType = sourcecode.swift; path = GatheringBoardDetailVM.swift; sourceTree = "<group>"; };
		BFFFD3EF2C7336B90053A86B /* GatheringBoardDetailProfileTVCell.swift */ = {isa = PBXFileReference; lastKnownFileType = sourcecode.swift; path = GatheringBoardDetailProfileTVCell.swift; sourceTree = "<group>"; };
		BFFFD3F12C7341720053A86B /* GatheringBoardDetailContentTVCell.swift */ = {isa = PBXFileReference; lastKnownFileType = sourcecode.swift; path = GatheringBoardDetailContentTVCell.swift; sourceTree = "<group>"; };
		BFFFD3F32C73A2690053A86B /* GatheringBoardDetailImagesCVCell.swift */ = {isa = PBXFileReference; lastKnownFileType = sourcecode.swift; path = GatheringBoardDetailImagesCVCell.swift; sourceTree = "<group>"; };
		BFFFD3F52C73A5F60053A86B /* GatheringBoardDetailImagesTVCell.swift */ = {isa = PBXFileReference; lastKnownFileType = sourcecode.swift; path = GatheringBoardDetailImagesTVCell.swift; sourceTree = "<group>"; };
		BFFFD3F72C73BB820053A86B /* CommentHeaderLabelTVCell.swift */ = {isa = PBXFileReference; lastKnownFileType = sourcecode.swift; path = CommentHeaderLabelTVCell.swift; sourceTree = "<group>"; };
		D8201FAE2C606934004DF06C /* Letports.app */ = {isa = PBXFileReference; explicitFileType = wrapper.application; includeInIndex = 0; path = Letports.app; sourceTree = BUILT_PRODUCTS_DIR; };
		D8201FB12C606934004DF06C /* AppDelegate.swift */ = {isa = PBXFileReference; lastKnownFileType = sourcecode.swift; path = AppDelegate.swift; sourceTree = "<group>"; };
		D8201FB32C606934004DF06C /* SceneDelegate.swift */ = {isa = PBXFileReference; lastKnownFileType = sourcecode.swift; path = SceneDelegate.swift; sourceTree = "<group>"; };
		D8201FB72C606935004DF06C /* Assets.xcassets */ = {isa = PBXFileReference; lastKnownFileType = folder.assetcatalog; path = Assets.xcassets; sourceTree = "<group>"; };
		D8201FBA2C606935004DF06C /* Base */ = {isa = PBXFileReference; lastKnownFileType = file.storyboard; name = Base; path = Base.lproj/LaunchScreen.storyboard; sourceTree = "<group>"; };
		D8201FBC2C606935004DF06C /* Info.plist */ = {isa = PBXFileReference; lastKnownFileType = text.plist.xml; path = Info.plist; sourceTree = "<group>"; };
		D8201FC12C606935004DF06C /* LetportsTests.xctest */ = {isa = PBXFileReference; explicitFileType = wrapper.cfbundle; includeInIndex = 0; path = LetportsTests.xctest; sourceTree = BUILT_PRODUCTS_DIR; };
		D8201FC52C606935004DF06C /* LetportsTests.swift */ = {isa = PBXFileReference; lastKnownFileType = sourcecode.swift; path = LetportsTests.swift; sourceTree = "<group>"; };
		D8201FCB2C606935004DF06C /* LetportsUITests.xctest */ = {isa = PBXFileReference; explicitFileType = wrapper.cfbundle; includeInIndex = 0; path = LetportsUITests.xctest; sourceTree = BUILT_PRODUCTS_DIR; };
		D8201FCF2C606935004DF06C /* LetportsUITests.swift */ = {isa = PBXFileReference; lastKnownFileType = sourcecode.swift; path = LetportsUITests.swift; sourceTree = "<group>"; };
		D8201FD12C606935004DF06C /* LetportsUITestsLaunchTests.swift */ = {isa = PBXFileReference; lastKnownFileType = sourcecode.swift; path = LetportsUITestsLaunchTests.swift; sourceTree = "<group>"; };
		D8299F272C776219003D29AC /* GatherDeleteTVCell.swift */ = {isa = PBXFileReference; lastKnownFileType = sourcecode.swift; path = GatherDeleteTVCell.swift; sourceTree = "<group>"; };
		D8299F282C776219003D29AC /* GatherSectionTVCell.swift */ = {isa = PBXFileReference; lastKnownFileType = sourcecode.swift; path = GatherSectionTVCell.swift; sourceTree = "<group>"; };
		D8299F292C776219003D29AC /* GatherUserTVCell.swift */ = {isa = PBXFileReference; lastKnownFileType = sourcecode.swift; path = GatherUserTVCell.swift; sourceTree = "<group>"; };
		D8299F2C2C776219003D29AC /* ManageUserView.swift */ = {isa = PBXFileReference; lastKnownFileType = sourcecode.swift; path = ManageUserView.swift; sourceTree = "<group>"; };
		D8299F2F2C776219003D29AC /* GatherSettingCoordinator.swift */ = {isa = PBXFileReference; lastKnownFileType = sourcecode.swift; path = GatherSettingCoordinator.swift; sourceTree = "<group>"; };
		D8299F302C776219003D29AC /* GatherSettingVC.swift */ = {isa = PBXFileReference; lastKnownFileType = sourcecode.swift; path = GatherSettingVC.swift; sourceTree = "<group>"; };
		D8299F312C776219003D29AC /* GatherSettingVM.swift */ = {isa = PBXFileReference; lastKnownFileType = sourcecode.swift; path = GatherSettingVM.swift; sourceTree = "<group>"; };
		D8299F3C2C77622C003D29AC /* GatheringTVCell.swift */ = {isa = PBXFileReference; lastKnownFileType = sourcecode.swift; path = GatheringTVCell.swift; sourceTree = "<group>"; };
		D8299F3D2C77622C003D29AC /* ProfileTVCell.swift */ = {isa = PBXFileReference; lastKnownFileType = sourcecode.swift; path = ProfileTVCell.swift; sourceTree = "<group>"; };
		D8299F3E2C77622C003D29AC /* SectionTVCell.swift */ = {isa = PBXFileReference; lastKnownFileType = sourcecode.swift; path = SectionTVCell.swift; sourceTree = "<group>"; };
		D8299F442C77622C003D29AC /* ProfileVM.swift */ = {isa = PBXFileReference; lastKnownFileType = sourcecode.swift; path = ProfileVM.swift; sourceTree = "<group>"; };
		D8299F452C77622C003D29AC /* SettingVC.swift */ = {isa = PBXFileReference; lastKnownFileType = sourcecode.swift; path = SettingVC.swift; sourceTree = "<group>"; };
		D8299F552C776313003D29AC /* ProfileEditCoordinator.swift */ = {isa = PBXFileReference; lastKnownFileType = sourcecode.swift; path = ProfileEditCoordinator.swift; sourceTree = "<group>"; };
		D8299F562C776313003D29AC /* ProfileEditVC.swift */ = {isa = PBXFileReference; lastKnownFileType = sourcecode.swift; path = ProfileEditVC.swift; sourceTree = "<group>"; };
		D8299F582C776313003D29AC /* ProfileEditVM.swift */ = {isa = PBXFileReference; lastKnownFileType = sourcecode.swift; path = ProfileEditVM.swift; sourceTree = "<group>"; };
		D8299F622C776425003D29AC /* ProfileCoordinator.swift */ = {isa = PBXFileReference; lastKnownFileType = sourcecode.swift; path = ProfileCoordinator.swift; sourceTree = "<group>"; };
		D8299F692C776555003D29AC /* ProfileVC.swift */ = {isa = PBXFileReference; lastKnownFileType = sourcecode.swift; path = ProfileVC.swift; sourceTree = "<group>"; };
		D8299F702C777D27003D29AC /* SportsTeam.swift */ = {isa = PBXFileReference; lastKnownFileType = sourcecode.swift; path = SportsTeam.swift; sourceTree = "<group>"; };
		D8299F722C777D4B003D29AC /* Gathering.swift */ = {isa = PBXFileReference; lastKnownFileType = sourcecode.swift; path = Gathering.swift; sourceTree = "<group>"; };
		D8299F742C777D7B003D29AC /* GatheringMember.swift */ = {isa = PBXFileReference; lastKnownFileType = sourcecode.swift; path = GatheringMember.swift; sourceTree = "<group>"; };
		D8299F762C777DA2003D29AC /* Comment.swift */ = {isa = PBXFileReference; lastKnownFileType = sourcecode.swift; path = Comment.swift; sourceTree = "<group>"; };
		D8299F782C777DCD003D29AC /* Post.swift */ = {isa = PBXFileReference; lastKnownFileType = sourcecode.swift; path = Post.swift; sourceTree = "<group>"; };
		D845E0D12C79CBC3006DD879 /* UserProfileVC.swift */ = {isa = PBXFileReference; lastKnownFileType = sourcecode.swift; path = UserProfileVC.swift; sourceTree = "<group>"; };
		D845E0D32C79CBE1006DD879 /* UserProfileVM.swift */ = {isa = PBXFileReference; lastKnownFileType = sourcecode.swift; path = UserProfileVM.swift; sourceTree = "<group>"; };
		D845E0D52C79CC17006DD879 /* UserProfileCoordinator.swift */ = {isa = PBXFileReference; lastKnownFileType = sourcecode.swift; path = UserProfileCoordinator.swift; sourceTree = "<group>"; };
		D8638D772C7C264400AC0107 /* UserProfileTVCell.swift */ = {isa = PBXFileReference; lastKnownFileType = sourcecode.swift; path = UserProfileTVCell.swift; sourceTree = "<group>"; };
		D877C9752C789B50008C4695 /* ProfileImageTVCell.swift */ = {isa = PBXFileReference; lastKnownFileType = sourcecode.swift; path = ProfileImageTVCell.swift; sourceTree = "<group>"; };
		D877C9792C789B8C008C4695 /* NickNameTVCell.swift */ = {isa = PBXFileReference; lastKnownFileType = sourcecode.swift; path = NickNameTVCell.swift; sourceTree = "<group>"; };
		D877C97B2C789B97008C4695 /* SimpleInfoTVCell.swift */ = {isa = PBXFileReference; lastKnownFileType = sourcecode.swift; path = SimpleInfoTVCell.swift; sourceTree = "<group>"; };
		D89C405A2C80956600E105F9 /* SeparatorTVCell.swift */ = {isa = PBXFileReference; lastKnownFileType = sourcecode.swift; path = SeparatorTVCell.swift; sourceTree = "<group>"; };
		F703EC312C788272003C994C /* GatheringVM.swift */ = {isa = PBXFileReference; lastKnownFileType = sourcecode.swift; path = GatheringVM.swift; sourceTree = "<group>"; };
		F77525F82C7D6CD00046E5F9 /* TitleTVCell.swift */ = {isa = PBXFileReference; lastKnownFileType = sourcecode.swift; path = TitleTVCell.swift; sourceTree = "<group>"; };
		F77525FA2C7D6CE10046E5F9 /* HomeProfileTVCell.swift */ = {isa = PBXFileReference; lastKnownFileType = sourcecode.swift; path = HomeProfileTVCell.swift; sourceTree = "<group>"; };
		F77525FC2C7D6CF10046E5F9 /* YoutubeThumbnailTVCell.swift */ = {isa = PBXFileReference; lastKnownFileType = sourcecode.swift; path = YoutubeThumbnailTVCell.swift; sourceTree = "<group>"; };
		F77525FE2C7D6CFE0046E5F9 /* RecommendGatheringTVCell.swift */ = {isa = PBXFileReference; lastKnownFileType = sourcecode.swift; path = RecommendGatheringTVCell.swift; sourceTree = "<group>"; };
		F77526032C7DC5B00046E5F9 /* RecommendGatheringListsCVCell.swift */ = {isa = PBXFileReference; lastKnownFileType = sourcecode.swift; path = RecommendGatheringListsCVCell.swift; sourceTree = "<group>"; };
		F78A24C12C7C4C8E00471331 /* Team.swift */ = {isa = PBXFileReference; fileEncoding = 4; lastKnownFileType = sourcecode.swift; path = Team.swift; sourceTree = "<group>"; };
		F7C1AA642C746A7C009D0728 /* HomeVM.swift */ = {isa = PBXFileReference; fileEncoding = 4; lastKnownFileType = sourcecode.swift; path = HomeVM.swift; sourceTree = "<group>"; };
		F7C1AA662C746A94009D0728 /* URLVC.swift */ = {isa = PBXFileReference; fileEncoding = 4; lastKnownFileType = sourcecode.swift; path = URLVC.swift; sourceTree = "<group>"; };
/* End PBXFileReference section */

/* Begin PBXFrameworksBuildPhase section */
		D8201FAB2C606934004DF06C /* Frameworks */ = {
			isa = PBXFrameworksBuildPhase;
			buildActionMask = 2147483647;
			files = (
				410BBCA62C778DF600FE2E18 /* Kingfisher in Frameworks */,
				BF8874062C7A538000E86CA0 /* FirebaseAuth in Frameworks */,
				410BBCAC2C778E1500FE2E18 /* GoogleSignIn in Frameworks */,
				BF8874042C7A538000E86CA0 /* FirebaseAnalytics in Frameworks */,
				BF88740A2C7A538000E86CA0 /* FirebaseStorage in Frameworks */,
				410BBCA92C778E0300FE2E18 /* KoTextCountLimit in Frameworks */,
				BF8874082C7A538000E86CA0 /* FirebaseFirestore in Frameworks */,
			);
			runOnlyForDeploymentPostprocessing = 0;
		};
		D8201FBE2C606935004DF06C /* Frameworks */ = {
			isa = PBXFrameworksBuildPhase;
			buildActionMask = 2147483647;
			files = (
			);
			runOnlyForDeploymentPostprocessing = 0;
		};
		D8201FC82C606935004DF06C /* Frameworks */ = {
			isa = PBXFrameworksBuildPhase;
			buildActionMask = 2147483647;
			files = (
			);
			runOnlyForDeploymentPostprocessing = 0;
		};
/* End PBXFrameworksBuildPhase section */

/* Begin PBXGroup section */
		410BBCC42C77B5B300FE2E18 /* Model */ = {
			isa = PBXGroup;
			children = (
				D8299F782C777DCD003D29AC /* Post.swift */,
				D8299F762C777DA2003D29AC /* Comment.swift */,
				D8299F742C777D7B003D29AC /* GatheringMember.swift */,
				D8299F722C777D4B003D29AC /* Gathering.swift */,
				D8299F702C777D27003D29AC /* SportsTeam.swift */,
				410BBCC52C77B5C900FE2E18 /* LetportsUser.swift */,
				F78A24C12C7C4C8E00471331 /* Team.swift */,
			);
			path = Model;
			sourceTree = "<group>";
		};
		4111E5792C6C35CB00DA2A3D /* Cell */ = {
			isa = PBXGroup;
			children = (
				411C4A4C2C708F0500FE3604 /* BoardEditorHeaderCVCell.swift */,
				411C4A4E2C7091E900FE3604 /* BoardEditorTitleCVCell.swift */,
				411C4A502C70925700FE3604 /* BoardEditorContentCVCell.swift */,
				411C4A522C70929800FE3604 /* BoardEditorPhotoCVCell.swift */,
			);
			path = Cell;
			sourceTree = "<group>";
		};
		413BE63F2C65EA050070D6F9 /* GatherUpload */ = {
			isa = PBXGroup;
			children = (
				413BE6532C65F8640070D6F9 /* Cell */,
				413BE6422C65EA4E0070D6F9 /* GatheringUploadVC.swift */,
				413BE6442C65EA540070D6F9 /* GatheringUploadVM.swift */,
				413BE6462C65EA670070D6F9 /* GatheringUploadCoordinator.swift */,
			);
			path = GatherUpload;
			sourceTree = "<group>";
		};
		413BE64A2C65F0FC0070D6F9 /* CustomNavigation */ = {
			isa = PBXGroup;
			children = (
				413BE6492C65F0FC0070D6F9 /* CustomNavigationView.swift */,
			);
			path = CustomNavigation;
			sourceTree = "<group>";
		};
		413BE64D2C65F1990070D6F9 /* Extension */ = {
			isa = PBXGroup;
			children = (
				410BBCC12C77B17400FE2E18 /* Extension+Color.swift */,
				41FB9B6A2C6ADAB700CF1A92 /* Extension+UITableView.swift */,
				413BE64C2C65F1990070D6F9 /* Extension+UIImage.swift */,
				4111E5822C6C670500DA2A3D /* Extension+UICollectionView.swift */,
				41C857C52C81B8820042B305 /* Extension+Date.swift */,
			);
			path = Extension;
			sourceTree = "<group>";
		};
		413BE6532C65F8640070D6F9 /* Cell */ = {
			isa = PBXGroup;
			children = (
				413BE6542C65FAC60070D6F9 /* GatheringUploadMainTVCell.swift */,
				413BE6562C6605B00070D6F9 /* SeperatorLineTVCell.swift */,
				413BE6582C6607FB0070D6F9 /* GatheringUplaodImageTVCell.swift */,
				413BE65A2C660E320070D6F9 /* GatheringUplaodTitleTVCell.swift */,
				413BE65C2C662FF20070D6F9 /* GatheringUploadQuestionTVCell.swift */,
				413BE65E2C6632880070D6F9 /* GatheringUploadInfoTVCell.swift */,
				413BE6602C6633070070D6F9 /* GatheringUploadMemCntTVCell.swift */,
			);
			path = Cell;
			sourceTree = "<group>";
		};
		4143E4532C6B478D001AB3E0 /* BoadEditor */ = {
			isa = PBXGroup;
			children = (
				4111E5792C6C35CB00DA2A3D /* Cell */,
				4143E4542C6B47B5001AB3E0 /* BoardEditorVC.swift */,
				4143E4582C6B47DF001AB3E0 /* BoardEditorVM.swift */,
				4143E45A2C6B47E9001AB3E0 /* BoardEditorCoordinator.swift */,
			);
			path = BoadEditor;
			sourceTree = "<group>";
		};
		41AA05272C72D9D9009FF289 /* FirebaseService */ = {
			isa = PBXGroup;
			children = (
				41AA05282C72D9F2009FF289 /* FirebasStorageManager.swift */,
				41AA05312C73020C009FF289 /* FirestoreManager.swift */,
			);
			path = FirebaseService;
			sourceTree = "<group>";
		};
		41AA052E2C730001009FF289 /* Common */ = {
			isa = PBXGroup;
			children = (
				41AA052F2C73000C009FF289 /* Common.swift */,
				41AA05332C731C86009FF289 /* LoadingIndicatorView.swift */,
			);
			path = Common;
			sourceTree = "<group>";
		};
		41C886302C81F99D000467AD /* Recovered References */ = {
			isa = PBXGroup;
			children = (
			);
			name = "Recovered References";
			sourceTree = "<group>";
		};
		B82471372C647F560067BD09 /* Home */ = {
			isa = PBXGroup;
			children = (
				B824713A2C647F9F0067BD09 /* HomeVC.swift */,
				F7C1AA642C746A7C009D0728 /* HomeVM.swift */,
				B82471422C64994E0067BD09 /* HomeCoordinator.swift */,
				F7C1AA662C746A94009D0728 /* URLVC.swift */,
				F77526022C7DBF610046E5F9 /* Cell */,
			);
			path = Home;
			sourceTree = "<group>";
		};
		B82471382C647F600067BD09 /* Gathering */ = {
			isa = PBXGroup;
			children = (
				BFFFD3E92C7331140053A86B /* GatheringBoardDetail */,
				BFE5B5722C6B7ECB00C0103F /* GatheringDetail */,
				B824713C2C647FAF0067BD09 /* GatheringVC.swift */,
				F703EC312C788272003C994C /* GatheringVM.swift */,
				B82471442C6499590067BD09 /* GatheringCoordinator.swift */,
			);
			path = Gathering;
			sourceTree = "<group>";
		};
		B824714A2C6C34360067BD09 /* Auth */ = {
			isa = PBXGroup;
			children = (
				B8D4D0B72C7468CE0039D33B /* AuthVC.swift */,
				B8D4D0C12C746AE90039D33B /* AuthVM.swift */,
				B8D4D0C32C746B3D0039D33B /* AuthCoordinator.swift */,
			);
			path = Auth;
			sourceTree = "<group>";
		};
		B85FD8512C7864C4007B4962 /* TeamSelect */ = {
			isa = PBXGroup;
			children = (
				B85FD8892C79CD04007B4962 /* Cell */,
				B85FD8522C7864DC007B4962 /* TeamSelectVC.swift */,
				B85FD8832C79C539007B4962 /* TeamSelectVM.swift */,
				B88D9FAF2C816E7300123410 /* TeamSelectCoordinator.swift */,
			);
			path = TeamSelect;
			sourceTree = "<group>";
		};
		B85FD8892C79CD04007B4962 /* Cell */ = {
			isa = PBXGroup;
			children = (
				B85FD8852C79CCD0007B4962 /* SportsCategoryCell.swift */,
				B85FD8872C79CCF3007B4962 /* SportsTeamCell.swift */,
			);
			path = Cell;
			sourceTree = "<group>";
		};
		B8D4D0B92C74693D0039D33B /* Service */ = {
			isa = PBXGroup;
			children = (
				B8D4D0BF2C746ADE0039D33B /* AuthService.swift */,
			);
			path = Service;
			sourceTree = "<group>";
		};
		B8D4D0BC2C7469DA0039D33B /* Coordinator */ = {
			isa = PBXGroup;
			children = (
				B85FD83B2C75AC2B007B4962 /* AppCoordinator.swift */,
				410BBC9B2C778C9B00FE2E18 /* Coordinator.swift */,
				410BBC9C2C778C9B00FE2E18 /* TabBarCoordinator.swift */,
			);
			path = Coordinator;
			sourceTree = "<group>";
		};
		BF7BBE272C6B7F360094C29C /* Cell */ = {
			isa = PBXGroup;
			children = (
				BF1283DC2C72659300BEAE4C /* GatheringImageTVCell.swift */,
				BF7BBE282C6B7FFC0094C29C /* GatheringTitleTVCell.swift */,
				BF7BBE2D2C6B812E0094C29C /* GatheringDetailInfoTVCell.swift */,
				BF90E8B32C6C49E1008FA61E /* GatheringDetailProfileTVCell.swift */,
				BFAA71202C6C94C500FC402C /* GatheringDetailProfileCVCell.swift */,
				BFFFD3E72C7328130053A86B /* CurrentMemTVCell.swift */,
				BF1283D22C72155000BEAE4C /* BoardBtnTVCell.swift */,
				BF1283D42C72170B00BEAE4C /* BoardBtnCVCell.swift */,
				BF1283D62C7243F500BEAE4C /* GatheringDetailBoardTVCell.swift */,
				BF3882572C6B827B00C59A4F /* BoardTVCell.swift */,
			);
			path = Cell;
			sourceTree = "<group>";
		};
		BFE5B5722C6B7ECB00C0103F /* GatheringDetail */ = {
			isa = PBXGroup;
			children = (
				BF7BBE272C6B7F360094C29C /* Cell */,
				BF38825B2C6B886800C59A4F /* GatheringDetailVC.swift */,
				BF38825D2C6B887E00C59A4F /* GatheringDetailVM.swift */,
				BF1283DA2C725CBF00BEAE4C /* JoinBtn.swift */,
				BFFFD3E52C7316D40053A86B /* PostBtn.swift */,
				BFD9AEF12C76D9FB000C3A20 /* GatheringDetailCoordinator.swift */,
				BF08A9602C78465200682AB8 /* JoinView.swift */,
			);
			path = GatheringDetail;
			sourceTree = "<group>";
		};
		BFFFD3E92C7331140053A86B /* GatheringBoardDetail */ = {
			isa = PBXGroup;
			children = (
				BFFFD3EE2C7334030053A86B /* Cell */,
				BFFFD3EA2C73314A0053A86B /* GatheringBoardDetailVC.swift */,
				BFFFD3EC2C7333FC0053A86B /* GatheringBoardDetailVM.swift */,
				BFC55FDF2C7440130084CA10 /* CommentInputView.swift */,
				BFD9AF062C772E80000C3A20 /* GatheringBoardDetailCoordinator.swift */,
			);
			path = GatheringBoardDetail;
			sourceTree = "<group>";
		};
		BFFFD3EE2C7334030053A86B /* Cell */ = {
			isa = PBXGroup;
			children = (
				BFFFD3EF2C7336B90053A86B /* GatheringBoardDetailProfileTVCell.swift */,
				BFFFD3F12C7341720053A86B /* GatheringBoardDetailContentTVCell.swift */,
				BFFFD3F52C73A5F60053A86B /* GatheringBoardDetailImagesTVCell.swift */,
				BFFFD3F32C73A2690053A86B /* GatheringBoardDetailImagesCVCell.swift */,
				BFFFD3F72C73BB820053A86B /* CommentHeaderLabelTVCell.swift */,
				BFC55FDD2C7438E60084CA10 /* GatheringBoardCommentTVCell.swift */,
				BFC55FDB2C742F9A0084CA10 /* CommentTVCell.swift */,
			);
			path = Cell;
			sourceTree = "<group>";
		};
		D8201FA52C606934004DF06C = {
			isa = PBXGroup;
			children = (
				D8201FB02C606934004DF06C /* Letports */,
				D8201FC42C606935004DF06C /* LetportsTests */,
				D8201FCE2C606935004DF06C /* LetportsUITests */,
				D8201FAF2C606934004DF06C /* Products */,
				41C886302C81F99D000467AD /* Recovered References */,
			);
			sourceTree = "<group>";
		};
		D8201FAF2C606934004DF06C /* Products */ = {
			isa = PBXGroup;
			children = (
				D8201FAE2C606934004DF06C /* Letports.app */,
				D8201FC12C606935004DF06C /* LetportsTests.xctest */,
				D8201FCB2C606935004DF06C /* LetportsUITests.xctest */,
			);
			name = Products;
			sourceTree = "<group>";
		};
		D8201FB02C606934004DF06C /* Letports */ = {
			isa = PBXGroup;
			children = (
				410BBCC42C77B5B300FE2E18 /* Model */,
				41AA052E2C730001009FF289 /* Common */,
				411D4E512C6337AE00B07D84 /* UserManager.swift */,
				41AA05272C72D9D9009FF289 /* FirebaseService */,
				B85FD8512C7864C4007B4962 /* TeamSelect */,
				4143E4532C6B478D001AB3E0 /* BoadEditor */,
				413BE63F2C65EA050070D6F9 /* GatherUpload */,
				D8201FB12C606934004DF06C /* AppDelegate.swift */,
				BFF52D282C6C3A4900AC72C8 /* ViewController.swift */,
				D8201FB32C606934004DF06C /* SceneDelegate.swift */,
				B8D4D0BC2C7469DA0039D33B /* Coordinator */,
				B8D4D0B92C74693D0039D33B /* Service */,
				B824714A2C6C34360067BD09 /* Auth */,
				413BE64A2C65F0FC0070D6F9 /* CustomNavigation */,
				B82471372C647F560067BD09 /* Home */,
				B82471382C647F600067BD09 /* Gathering */,
				D8299F322C776219003D29AC /* GatherSetting */,
				D8299F462C77622C003D29AC /* Profile */,
				D8299F592C776313003D29AC /* ProfileEdit */,
				D845E0D02C79CBAC006DD879 /* UserProfile */,
				D8299F6B2C7766D2003D29AC /* Setting */,
				413BE64D2C65F1990070D6F9 /* Extension */,
				D8201FB72C606935004DF06C /* Assets.xcassets */,
				D8201FB92C606935004DF06C /* LaunchScreen.storyboard */,
				41C886332C81F9D8000467AD /* Letports.entitlements */,
				D8201FBC2C606935004DF06C /* Info.plist */,
				410BBCBE2C77A2FC00FE2E18 /* SERVICEKEY.xcconfig */,
				41C886342C81FB8E000467AD /* GoogleService-Info.plist */,
			);
			path = Letports;
			sourceTree = "<group>";
		};
		D8201FC42C606935004DF06C /* LetportsTests */ = {
			isa = PBXGroup;
			children = (
				D8201FC52C606935004DF06C /* LetportsTests.swift */,
				41CA6E122C6B2358007DB8F2 /* GatheringUploadVMTests.swift */,
			);
			path = LetportsTests;
			sourceTree = "<group>";
		};
		D8201FCE2C606935004DF06C /* LetportsUITests */ = {
			isa = PBXGroup;
			children = (
				D8201FCF2C606935004DF06C /* LetportsUITests.swift */,
				D8201FD12C606935004DF06C /* LetportsUITestsLaunchTests.swift */,
			);
			path = LetportsUITests;
			sourceTree = "<group>";
		};
		D8299F2A2C776219003D29AC /* Cell */ = {
			isa = PBXGroup;
			children = (
				D8299F272C776219003D29AC /* GatherDeleteTVCell.swift */,
				D8299F282C776219003D29AC /* GatherSectionTVCell.swift */,
				D8299F292C776219003D29AC /* GatherUserTVCell.swift */,
			);
			path = Cell;
			sourceTree = "<group>";
		};
		D8299F2E2C776219003D29AC /* View */ = {
			isa = PBXGroup;
			children = (
				D8299F2C2C776219003D29AC /* ManageUserView.swift */,
			);
			path = View;
			sourceTree = "<group>";
		};
		D8299F322C776219003D29AC /* GatherSetting */ = {
			isa = PBXGroup;
			children = (
				D8299F2A2C776219003D29AC /* Cell */,
				D8299F2E2C776219003D29AC /* View */,
				D8299F2F2C776219003D29AC /* GatherSettingCoordinator.swift */,
				D8299F302C776219003D29AC /* GatherSettingVC.swift */,
				D8299F312C776219003D29AC /* GatherSettingVM.swift */,
			);
			path = GatherSetting;
			sourceTree = "<group>";
		};
		D8299F3F2C77622C003D29AC /* Cell */ = {
			isa = PBXGroup;
			children = (
				D89C405A2C80956600E105F9 /* SeparatorTVCell.swift */,
				D8299F3C2C77622C003D29AC /* GatheringTVCell.swift */,
				D8299F3D2C77622C003D29AC /* ProfileTVCell.swift */,
				D8299F3E2C77622C003D29AC /* SectionTVCell.swift */,
			);
			path = Cell;
			sourceTree = "<group>";
		};
		D8299F462C77622C003D29AC /* Profile */ = {
			isa = PBXGroup;
			children = (
				D8299F3F2C77622C003D29AC /* Cell */,
				D8299F442C77622C003D29AC /* ProfileVM.swift */,
				D8299F692C776555003D29AC /* ProfileVC.swift */,
				D8299F622C776425003D29AC /* ProfileCoordinator.swift */,
			);
			path = Profile;
			sourceTree = "<group>";
		};
		D8299F592C776313003D29AC /* ProfileEdit */ = {
			isa = PBXGroup;
			children = (
				D877C9742C789A8F008C4695 /* Cell */,
				D8299F552C776313003D29AC /* ProfileEditCoordinator.swift */,
				D8299F562C776313003D29AC /* ProfileEditVC.swift */,
				D8299F582C776313003D29AC /* ProfileEditVM.swift */,
			);
			path = ProfileEdit;
			sourceTree = "<group>";
		};
		D8299F6B2C7766D2003D29AC /* Setting */ = {
			isa = PBXGroup;
			children = (
				D8299F452C77622C003D29AC /* SettingVC.swift */,
			);
			path = Setting;
			sourceTree = "<group>";
		};
		D845E0D02C79CBAC006DD879 /* UserProfile */ = {
			isa = PBXGroup;
			children = (
				D845E0D72C79CC20006DD879 /* Cell */,
				D845E0D12C79CBC3006DD879 /* UserProfileVC.swift */,
				D845E0D32C79CBE1006DD879 /* UserProfileVM.swift */,
				D845E0D52C79CC17006DD879 /* UserProfileCoordinator.swift */,
			);
			path = UserProfile;
			sourceTree = "<group>";
		};
		D845E0D72C79CC20006DD879 /* Cell */ = {
			isa = PBXGroup;
			children = (
				D8638D772C7C264400AC0107 /* UserProfileTVCell.swift */,
			);
			path = Cell;
			sourceTree = "<group>";
		};
		D877C9742C789A8F008C4695 /* Cell */ = {
			isa = PBXGroup;
			children = (
				D877C9752C789B50008C4695 /* ProfileImageTVCell.swift */,
				D877C9792C789B8C008C4695 /* NickNameTVCell.swift */,
				D877C97B2C789B97008C4695 /* SimpleInfoTVCell.swift */,
			);
			path = Cell;
			sourceTree = "<group>";
		};
		F77526022C7DBF610046E5F9 /* Cell */ = {
			isa = PBXGroup;
			children = (
				F77525F82C7D6CD00046E5F9 /* TitleTVCell.swift */,
				F77525FA2C7D6CE10046E5F9 /* HomeProfileTVCell.swift */,
				F77525FC2C7D6CF10046E5F9 /* YoutubeThumbnailTVCell.swift */,
				F77525FE2C7D6CFE0046E5F9 /* RecommendGatheringTVCell.swift */,
				F77526032C7DC5B00046E5F9 /* RecommendGatheringListsCVCell.swift */,
			);
			path = Cell;
			sourceTree = "<group>";
		};
/* End PBXGroup section */

/* Begin PBXNativeTarget section */
		D8201FAD2C606934004DF06C /* Letports */ = {
			isa = PBXNativeTarget;
			buildConfigurationList = D8201FD52C606935004DF06C /* Build configuration list for PBXNativeTarget "Letports" */;
			buildPhases = (
				D8201FAA2C606934004DF06C /* Sources */,
				D8201FAB2C606934004DF06C /* Frameworks */,
				D8201FAC2C606934004DF06C /* Resources */,
			);
			buildRules = (
			);
			dependencies = (
			);
			name = Letports;
			packageProductDependencies = (
				410BBCA52C778DF600FE2E18 /* Kingfisher */,
				410BBCA82C778E0300FE2E18 /* KoTextCountLimit */,
				410BBCAB2C778E1500FE2E18 /* GoogleSignIn */,
				BF8874032C7A538000E86CA0 /* FirebaseAnalytics */,
				BF8874052C7A538000E86CA0 /* FirebaseAuth */,
				BF8874072C7A538000E86CA0 /* FirebaseFirestore */,
				BF8874092C7A538000E86CA0 /* FirebaseStorage */,
			);
			productName = Letports;
			productReference = D8201FAE2C606934004DF06C /* Letports.app */;
			productType = "com.apple.product-type.application";
		};
		D8201FC02C606935004DF06C /* LetportsTests */ = {
			isa = PBXNativeTarget;
			buildConfigurationList = D8201FD82C606935004DF06C /* Build configuration list for PBXNativeTarget "LetportsTests" */;
			buildPhases = (
				D8201FBD2C606935004DF06C /* Sources */,
				D8201FBE2C606935004DF06C /* Frameworks */,
				D8201FBF2C606935004DF06C /* Resources */,
			);
			buildRules = (
			);
			dependencies = (
				D8201FC32C606935004DF06C /* PBXTargetDependency */,
			);
			name = LetportsTests;
			productName = LetportsTests;
			productReference = D8201FC12C606935004DF06C /* LetportsTests.xctest */;
			productType = "com.apple.product-type.bundle.unit-test";
		};
		D8201FCA2C606935004DF06C /* LetportsUITests */ = {
			isa = PBXNativeTarget;
			buildConfigurationList = D8201FDB2C606935004DF06C /* Build configuration list for PBXNativeTarget "LetportsUITests" */;
			buildPhases = (
				D8201FC72C606935004DF06C /* Sources */,
				D8201FC82C606935004DF06C /* Frameworks */,
				D8201FC92C606935004DF06C /* Resources */,
			);
			buildRules = (
			);
			dependencies = (
				D8201FCD2C606935004DF06C /* PBXTargetDependency */,
			);
			name = LetportsUITests;
			productName = LetportsUITests;
			productReference = D8201FCB2C606935004DF06C /* LetportsUITests.xctest */;
			productType = "com.apple.product-type.bundle.ui-testing";
		};
/* End PBXNativeTarget section */

/* Begin PBXProject section */
		D8201FA62C606934004DF06C /* Project object */ = {
			isa = PBXProject;
			attributes = {
				BuildIndependentTargetsInParallel = 1;
				LastSwiftUpdateCheck = 1530;
				LastUpgradeCheck = 1530;
				TargetAttributes = {
					D8201FAD2C606934004DF06C = {
						CreatedOnToolsVersion = 15.3;
					};
					D8201FC02C606935004DF06C = {
						CreatedOnToolsVersion = 15.3;
						TestTargetID = D8201FAD2C606934004DF06C;
					};
					D8201FCA2C606935004DF06C = {
						CreatedOnToolsVersion = 15.3;
						TestTargetID = D8201FAD2C606934004DF06C;
					};
				};
			};
			buildConfigurationList = D8201FA92C606934004DF06C /* Build configuration list for PBXProject "Letports" */;
			compatibilityVersion = "Xcode 14.0";
			developmentRegion = en;
			hasScannedForEncodings = 0;
			knownRegions = (
				en,
				Base,
			);
			mainGroup = D8201FA52C606934004DF06C;
			packageReferences = (
				410BBCA42C778DF600FE2E18 /* XCRemoteSwiftPackageReference "Kingfisher" */,
				410BBCA72C778E0300FE2E18 /* XCRemoteSwiftPackageReference "KoTextCountLimit" */,
				410BBCAA2C778E1500FE2E18 /* XCRemoteSwiftPackageReference "GoogleSignIn-iOS" */,
				BF8874022C7A538000E86CA0 /* XCRemoteSwiftPackageReference "firebase-ios-sdk" */,
			);
			productRefGroup = D8201FAF2C606934004DF06C /* Products */;
			projectDirPath = "";
			projectRoot = "";
			targets = (
				D8201FAD2C606934004DF06C /* Letports */,
				D8201FC02C606935004DF06C /* LetportsTests */,
				D8201FCA2C606935004DF06C /* LetportsUITests */,
			);
		};
/* End PBXProject section */

/* Begin PBXResourcesBuildPhase section */
		D8201FAC2C606934004DF06C /* Resources */ = {
			isa = PBXResourcesBuildPhase;
			buildActionMask = 2147483647;
			files = (
				D8201FB82C606935004DF06C /* Assets.xcassets in Resources */,
				41C886352C81FB8E000467AD /* GoogleService-Info.plist in Resources */,
				410BBCBF2C77A59B00FE2E18 /* SERVICEKEY.xcconfig in Resources */,
				D8201FBB2C606935004DF06C /* Base in Resources */,
			);
			runOnlyForDeploymentPostprocessing = 0;
		};
		D8201FBF2C606935004DF06C /* Resources */ = {
			isa = PBXResourcesBuildPhase;
			buildActionMask = 2147483647;
			files = (
			);
			runOnlyForDeploymentPostprocessing = 0;
		};
		D8201FC92C606935004DF06C /* Resources */ = {
			isa = PBXResourcesBuildPhase;
			buildActionMask = 2147483647;
			files = (
			);
			runOnlyForDeploymentPostprocessing = 0;
		};
/* End PBXResourcesBuildPhase section */

/* Begin PBXSourcesBuildPhase section */
		D8201FAA2C606934004DF06C /* Sources */ = {
			isa = PBXSourcesBuildPhase;
			buildActionMask = 2147483647;
			files = (
				BF1283D52C72170B00BEAE4C /* BoardBtnCVCell.swift in Sources */,
				B85FD8532C7864DC007B4962 /* TeamSelectVC.swift in Sources */,
				BF1283D52C72170B00BEAE4C /* BoardBtnCVCell.swift in Sources */,
				410BBCC32C77B28900FE2E18 /* BoardEditorHeaderCVCell.swift in Sources */,
				F77525FF2C7D6CFE0046E5F9 /* RecommendGatheringTVCell.swift in Sources */,
				413BE6452C65EA540070D6F9 /* GatheringUploadVM.swift in Sources */,
				B85FD8862C79CCD0007B4962 /* SportsCategoryCell.swift in Sources */,
				41AA05342C731C86009FF289 /* LoadingIndicatorView.swift in Sources */,
				41AA05292C72D9F2009FF289 /* FirebasStorageManager.swift in Sources */,
				D8299F752C777D7F003D29AC /* GatheringMember.swift in Sources */,
				D8299F732C777D4E003D29AC /* Gathering.swift in Sources */,
				D877C97C2C789B97008C4695 /* SimpleInfoTVCell.swift in Sources */,
				D8299F6A2C776555003D29AC /* ProfileVC.swift in Sources */,
				413BE6432C65EA4E0070D6F9 /* GatheringUploadVC.swift in Sources */,
				410BBCC62C77B5C900FE2E18 /* LetportsUser.swift in Sources */,
				B8D4D0C02C746ADE0039D33B /* AuthService.swift in Sources */,
				BF89726B2C75AD2D0015CBF2 /* BoardEditorVM.swift in Sources */,
				41AA05322C73020C009FF289 /* FirestoreManager.swift in Sources */,
				BFD9AF072C772E80000C3A20 /* GatheringBoardDetailCoordinator.swift in Sources */,
				411C4A532C70929800FE3604 /* BoardEditorPhotoCVCell.swift in Sources */,
				BF8972692C75AC960015CBF2 /* GatheringBoardCommentTVCell.swift in Sources */,
				41AA05302C73000C009FF289 /* Common.swift in Sources */,
				D8299F792C777DCF003D29AC /* Post.swift in Sources */,
				413BE6612C6633070070D6F9 /* GatheringUploadMemCntTVCell.swift in Sources */,
				B85FD83C2C75AC2B007B4962 /* AppCoordinator.swift in Sources */,
				D8299F632C776425003D29AC /* ProfileCoordinator.swift in Sources */,
				F77526042C7DC5B00046E5F9 /* RecommendGatheringListsCVCell.swift in Sources */,
				D877C9762C789B50008C4695 /* ProfileImageTVCell.swift in Sources */,
				D845E0D62C79CC17006DD879 /* UserProfileCoordinator.swift in Sources */,
				411D4E522C6337AE00B07D84 /* UserManager.swift in Sources */,
				413BE64E2C65F1990070D6F9 /* Extension+UIImage.swift in Sources */,
				413BE64B2C65F0FC0070D6F9 /* CustomNavigationView.swift in Sources */,
				F77525F92C7D6CD00046E5F9 /* TitleTVCell.swift in Sources */,
				41C857C62C81B8820042B305 /* Extension+Date.swift in Sources */,
				F78A24C22C7C4C8E00471331 /* Team.swift in Sources */,
				411C4A512C70925700FE3604 /* BoardEditorContentCVCell.swift in Sources */,
				BF08A9612C78465200682AB8 /* JoinView.swift in Sources */,
				D8201FB22C606934004DF06C /* AppDelegate.swift in Sources */,
				D89C405B2C80956600E105F9 /* SeparatorTVCell.swift in Sources */,
				BFD9AEF22C76D9FB000C3A20 /* GatheringDetailCoordinator.swift in Sources */,
				BF7BBE2E2C6B812E0094C29C /* GatheringDetailInfoTVCell.swift in Sources */,
				BFB7754B2C7C9A9500709E5A /* GatheringVM.swift in Sources */,
				BF90E8B42C6C49E1008FA61E /* GatheringDetailProfileTVCell.swift in Sources */,
				F77525FB2C7D6CE10046E5F9 /* HomeProfileTVCell.swift in Sources */,
				BFC55FDC2C742F9A0084CA10 /* CommentTVCell.swift in Sources */,
				D8201FB42C606934004DF06C /* SceneDelegate.swift in Sources */,
				BF1283DB2C725CBF00BEAE4C /* JoinBtn.swift in Sources */,
				F78A24C32C7C595C00471331 /* GatheringVM.swift in Sources */,
				BFFFD3E82C7328130053A86B /* CurrentMemTVCell.swift in Sources */,
				413BE65B2C660E320070D6F9 /* GatheringUplaodTitleTVCell.swift in Sources */,
				D8299F472C77622C003D29AC /* ProfileVM.swift in Sources */,
				D8299F4A2C77622C003D29AC /* ProfileTVCell.swift in Sources */,
				D8299F4C2C77622C003D29AC /* GatheringTVCell.swift in Sources */,
				D8299F4D2C77622C003D29AC /* SectionTVCell.swift in Sources */,
				D8299F4E2C77622C003D29AC /* SettingVC.swift in Sources */,
				B82471452C6499590067BD09 /* GatheringCoordinator.swift in Sources */,
				BF1283D72C7243F500BEAE4C /* GatheringDetailBoardTVCell.swift in Sources */,
				413BE6592C6607FB0070D6F9 /* GatheringUplaodImageTVCell.swift in Sources */,
				F77525FD2C7D6CF10046E5F9 /* YoutubeThumbnailTVCell.swift in Sources */,
				B8D4D0C22C746AE90039D33B /* AuthVM.swift in Sources */,
				410BBCB82C778F6A00FE2E18 /* BoardEditorTitleCVCell.swift in Sources */,
				B8D4D0C42C746B3D0039D33B /* AuthCoordinator.swift in Sources */,
				D845E0D42C79CBE1006DD879 /* UserProfileVM.swift in Sources */,
				413BE65F2C6632880070D6F9 /* GatheringUploadInfoTVCell.swift in Sources */,
				41FB9B6B2C6ADAB700CF1A92 /* Extension+UITableView.swift in Sources */,
				BFF52D292C6C3A4900AC72C8 /* ViewController.swift in Sources */,
				BF89726C2C75AD5E0015CBF2 /* SeperatorLineTVCell.swift in Sources */,
				B824713D2C647FAF0067BD09 /* GatheringVC.swift in Sources */,
				B85FD8842C79C539007B4962 /* TeamSelectVM.swift in Sources */,
				413BE6552C65FAC60070D6F9 /* GatheringUploadMainTVCell.swift in Sources */,
				410BBCB92C778F8200FE2E18 /* Extension+UICollectionView.swift in Sources */,
				BFFFD3F22C7341720053A86B /* GatheringBoardDetailContentTVCell.swift in Sources */,
				B85FD8882C79CCF3007B4962 /* SportsTeamCell.swift in Sources */,
				B824713B2C647F9F0067BD09 /* HomeVC.swift in Sources */,
				BFFFD3F42C73A2690053A86B /* GatheringBoardDetailImagesCVCell.swift in Sources */,
				410BBCB62C778F1D00FE2E18 /* BoardEditorVC.swift in Sources */,
				B88D9FB02C816E7300123410 /* TeamSelectCoordinator.swift in Sources */,
				413BE6472C65EA670070D6F9 /* GatheringUploadCoordinator.swift in Sources */,
				413BE65D2C662FF20070D6F9 /* GatheringUploadQuestionTVCell.swift in Sources */,
				BFFFD3ED2C7333FC0053A86B /* GatheringBoardDetailVM.swift in Sources */,
				BFFFD3F82C73BB820053A86B /* CommentHeaderLabelTVCell.swift in Sources */,
				BF38825C2C6B886800C59A4F /* GatheringDetailVC.swift in Sources */,
				BFC55FE02C7440130084CA10 /* CommentInputView.swift in Sources */,
				BFFFD3EB2C73314A0053A86B /* GatheringBoardDetailVC.swift in Sources */,
				BF7BBE292C6B7FFC0094C29C /* GatheringTitleTVCell.swift in Sources */,
				BFFFD3F02C7336B90053A86B /* GatheringBoardDetailProfileTVCell.swift in Sources */,
				4143E45B2C6B47E9001AB3E0 /* BoardEditorCoordinator.swift in Sources */,
				B8D4D0B82C7468CE0039D33B /* AuthVC.swift in Sources */,
				D8299F5B2C776313003D29AC /* ProfileEditCoordinator.swift in Sources */,
				D8299F5C2C776313003D29AC /* ProfileEditVC.swift in Sources */,
				D8299F5D2C776313003D29AC /* ProfileEditVM.swift in Sources */,
				D877C97A2C789B8C008C4695 /* NickNameTVCell.swift in Sources */,
				D8299F342C776219003D29AC /* GatherSectionTVCell.swift in Sources */,
				D8299F352C776219003D29AC /* GatherSettingCoordinator.swift in Sources */,
				D8299F362C776219003D29AC /* GatherSettingVM.swift in Sources */,
				D8299F372C776219003D29AC /* GatherSettingVC.swift in Sources */,
				D8299F392C776219003D29AC /* GatherUserTVCell.swift in Sources */,
				D8299F3A2C776219003D29AC /* GatherDeleteTVCell.swift in Sources */,
				D8299F3B2C776219003D29AC /* ManageUserView.swift in Sources */,
				410BBCC22C77B17500FE2E18 /* Extension+Color.swift in Sources */,
				D8299F712C777D2A003D29AC /* SportsTeam.swift in Sources */,
				D8299F772C777DA7003D29AC /* Comment.swift in Sources */,
				4143E45B2C6B47E9001AB3E0 /* BoardEditorCoordinator.swift in Sources */,
				D845E0D22C79CBCC006DD879 /* UserProfileVC.swift in Sources */,
				D8638D782C7C264900AC0107 /* UserProfileTVCell.swift in Sources */,
				B82471432C64994E0067BD09 /* HomeCoordinator.swift in Sources */,
				F7C1AA672C746A94009D0728 /* URLVC.swift in Sources */,
				F7C1AA652C746A7C009D0728 /* HomeVM.swift in Sources */,
				4143E4592C6B47DF001AB3E0 /* BoardEditorVM.swift in Sources */,
				BF1283DD2C72659300BEAE4C /* GatheringImageTVCell.swift in Sources */,
				BF38825E2C6B887E00C59A4F /* GatheringDetailVM.swift in Sources */,
				410BBC9D2C778C9B00FE2E18 /* Coordinator.swift in Sources */,
				BF3882582C6B827B00C59A4F /* BoardTVCell.swift in Sources */,
				4143E4592C6B47DF001AB3E0 /* BoardEditorVM.swift in Sources */,
				BFAA71212C6C94C500FC402C /* GatheringDetailProfileCVCell.swift in Sources */,
				BF89726A2C75ACAA0015CBF2 /* PostBtn.swift in Sources */,
				410BBC9E2C778C9B00FE2E18 /* TabBarCoordinator.swift in Sources */,
				BF1283D32C72155000BEAE4C /* BoardBtnTVCell.swift in Sources */,
				BFFFD3F62C73A5F60053A86B /* GatheringBoardDetailImagesTVCell.swift in Sources */,
			);
			runOnlyForDeploymentPostprocessing = 0;
		};
		D8201FBD2C606935004DF06C /* Sources */ = {
			isa = PBXSourcesBuildPhase;
			buildActionMask = 2147483647;
			files = (
				D8201FC62C606935004DF06C /* LetportsTests.swift in Sources */,
				41CA6E132C6B2358007DB8F2 /* GatheringUploadVMTests.swift in Sources */,
			);
			runOnlyForDeploymentPostprocessing = 0;
		};
		D8201FC72C606935004DF06C /* Sources */ = {
			isa = PBXSourcesBuildPhase;
			buildActionMask = 2147483647;
			files = (
				D8201FD22C606935004DF06C /* LetportsUITestsLaunchTests.swift in Sources */,
				D8201FD02C606935004DF06C /* LetportsUITests.swift in Sources */,
			);
			runOnlyForDeploymentPostprocessing = 0;
		};
/* End PBXSourcesBuildPhase section */

/* Begin PBXTargetDependency section */
		D8201FC32C606935004DF06C /* PBXTargetDependency */ = {
			isa = PBXTargetDependency;
			target = D8201FAD2C606934004DF06C /* Letports */;
			targetProxy = D8201FC22C606935004DF06C /* PBXContainerItemProxy */;
		};
		D8201FCD2C606935004DF06C /* PBXTargetDependency */ = {
			isa = PBXTargetDependency;
			target = D8201FAD2C606934004DF06C /* Letports */;
			targetProxy = D8201FCC2C606935004DF06C /* PBXContainerItemProxy */;
		};
/* End PBXTargetDependency section */

/* Begin PBXVariantGroup section */
		D8201FB92C606935004DF06C /* LaunchScreen.storyboard */ = {
			isa = PBXVariantGroup;
			children = (
				D8201FBA2C606935004DF06C /* Base */,
			);
			name = LaunchScreen.storyboard;
			sourceTree = "<group>";
		};
/* End PBXVariantGroup section */

/* Begin XCBuildConfiguration section */
		D8201FD32C606935004DF06C /* Debug */ = {
			isa = XCBuildConfiguration;
			buildSettings = {
				ALWAYS_SEARCH_USER_PATHS = NO;
				ASSETCATALOG_COMPILER_GENERATE_SWIFT_ASSET_SYMBOL_EXTENSIONS = YES;
				CLANG_ANALYZER_NONNULL = YES;
				CLANG_ANALYZER_NUMBER_OBJECT_CONVERSION = YES_AGGRESSIVE;
				CLANG_CXX_LANGUAGE_STANDARD = "gnu++20";
				CLANG_ENABLE_MODULES = YES;
				CLANG_ENABLE_OBJC_ARC = YES;
				CLANG_ENABLE_OBJC_WEAK = YES;
				CLANG_WARN_BLOCK_CAPTURE_AUTORELEASING = YES;
				CLANG_WARN_BOOL_CONVERSION = YES;
				CLANG_WARN_COMMA = YES;
				CLANG_WARN_CONSTANT_CONVERSION = YES;
				CLANG_WARN_DEPRECATED_OBJC_IMPLEMENTATIONS = YES;
				CLANG_WARN_DIRECT_OBJC_ISA_USAGE = YES_ERROR;
				CLANG_WARN_DOCUMENTATION_COMMENTS = YES;
				CLANG_WARN_EMPTY_BODY = YES;
				CLANG_WARN_ENUM_CONVERSION = YES;
				CLANG_WARN_INFINITE_RECURSION = YES;
				CLANG_WARN_INT_CONVERSION = YES;
				CLANG_WARN_NON_LITERAL_NULL_CONVERSION = YES;
				CLANG_WARN_OBJC_IMPLICIT_RETAIN_SELF = YES;
				CLANG_WARN_OBJC_LITERAL_CONVERSION = YES;
				CLANG_WARN_OBJC_ROOT_CLASS = YES_ERROR;
				CLANG_WARN_QUOTED_INCLUDE_IN_FRAMEWORK_HEADER = YES;
				CLANG_WARN_RANGE_LOOP_ANALYSIS = YES;
				CLANG_WARN_STRICT_PROTOTYPES = YES;
				CLANG_WARN_SUSPICIOUS_MOVE = YES;
				CLANG_WARN_UNGUARDED_AVAILABILITY = YES_AGGRESSIVE;
				CLANG_WARN_UNREACHABLE_CODE = YES;
				CLANG_WARN__DUPLICATE_METHOD_MATCH = YES;
				COPY_PHASE_STRIP = NO;
				DEBUG_INFORMATION_FORMAT = dwarf;
				ENABLE_STRICT_OBJC_MSGSEND = YES;
				ENABLE_TESTABILITY = YES;
				ENABLE_USER_SCRIPT_SANDBOXING = YES;
				GCC_C_LANGUAGE_STANDARD = gnu17;
				GCC_DYNAMIC_NO_PIC = NO;
				GCC_NO_COMMON_BLOCKS = YES;
				GCC_OPTIMIZATION_LEVEL = 0;
				GCC_PREPROCESSOR_DEFINITIONS = (
					"DEBUG=1",
					"$(inherited)",
				);
				GCC_WARN_64_TO_32_BIT_CONVERSION = YES;
				GCC_WARN_ABOUT_RETURN_TYPE = YES_ERROR;
				GCC_WARN_UNDECLARED_SELECTOR = YES;
				GCC_WARN_UNINITIALIZED_AUTOS = YES_AGGRESSIVE;
				GCC_WARN_UNUSED_FUNCTION = YES;
				GCC_WARN_UNUSED_VARIABLE = YES;
				IPHONEOS_DEPLOYMENT_TARGET = 17.4;
				LOCALIZATION_PREFERS_STRING_CATALOGS = YES;
				MTL_ENABLE_DEBUG_INFO = INCLUDE_SOURCE;
				MTL_FAST_MATH = YES;
				ONLY_ACTIVE_ARCH = YES;
				SDKROOT = iphoneos;
				SWIFT_ACTIVE_COMPILATION_CONDITIONS = "DEBUG $(inherited)";
				SWIFT_OPTIMIZATION_LEVEL = "-Onone";
			};
			name = Debug;
		};
		D8201FD42C606935004DF06C /* Release */ = {
			isa = XCBuildConfiguration;
			buildSettings = {
				ALWAYS_SEARCH_USER_PATHS = NO;
				ASSETCATALOG_COMPILER_GENERATE_SWIFT_ASSET_SYMBOL_EXTENSIONS = YES;
				CLANG_ANALYZER_NONNULL = YES;
				CLANG_ANALYZER_NUMBER_OBJECT_CONVERSION = YES_AGGRESSIVE;
				CLANG_CXX_LANGUAGE_STANDARD = "gnu++20";
				CLANG_ENABLE_MODULES = YES;
				CLANG_ENABLE_OBJC_ARC = YES;
				CLANG_ENABLE_OBJC_WEAK = YES;
				CLANG_WARN_BLOCK_CAPTURE_AUTORELEASING = YES;
				CLANG_WARN_BOOL_CONVERSION = YES;
				CLANG_WARN_COMMA = YES;
				CLANG_WARN_CONSTANT_CONVERSION = YES;
				CLANG_WARN_DEPRECATED_OBJC_IMPLEMENTATIONS = YES;
				CLANG_WARN_DIRECT_OBJC_ISA_USAGE = YES_ERROR;
				CLANG_WARN_DOCUMENTATION_COMMENTS = YES;
				CLANG_WARN_EMPTY_BODY = YES;
				CLANG_WARN_ENUM_CONVERSION = YES;
				CLANG_WARN_INFINITE_RECURSION = YES;
				CLANG_WARN_INT_CONVERSION = YES;
				CLANG_WARN_NON_LITERAL_NULL_CONVERSION = YES;
				CLANG_WARN_OBJC_IMPLICIT_RETAIN_SELF = YES;
				CLANG_WARN_OBJC_LITERAL_CONVERSION = YES;
				CLANG_WARN_OBJC_ROOT_CLASS = YES_ERROR;
				CLANG_WARN_QUOTED_INCLUDE_IN_FRAMEWORK_HEADER = YES;
				CLANG_WARN_RANGE_LOOP_ANALYSIS = YES;
				CLANG_WARN_STRICT_PROTOTYPES = YES;
				CLANG_WARN_SUSPICIOUS_MOVE = YES;
				CLANG_WARN_UNGUARDED_AVAILABILITY = YES_AGGRESSIVE;
				CLANG_WARN_UNREACHABLE_CODE = YES;
				CLANG_WARN__DUPLICATE_METHOD_MATCH = YES;
				COPY_PHASE_STRIP = NO;
				DEBUG_INFORMATION_FORMAT = "dwarf-with-dsym";
				ENABLE_NS_ASSERTIONS = NO;
				ENABLE_STRICT_OBJC_MSGSEND = YES;
				ENABLE_USER_SCRIPT_SANDBOXING = YES;
				GCC_C_LANGUAGE_STANDARD = gnu17;
				GCC_NO_COMMON_BLOCKS = YES;
				GCC_WARN_64_TO_32_BIT_CONVERSION = YES;
				GCC_WARN_ABOUT_RETURN_TYPE = YES_ERROR;
				GCC_WARN_UNDECLARED_SELECTOR = YES;
				GCC_WARN_UNINITIALIZED_AUTOS = YES_AGGRESSIVE;
				GCC_WARN_UNUSED_FUNCTION = YES;
				GCC_WARN_UNUSED_VARIABLE = YES;
				IPHONEOS_DEPLOYMENT_TARGET = 17.4;
				LOCALIZATION_PREFERS_STRING_CATALOGS = YES;
				MTL_ENABLE_DEBUG_INFO = NO;
				MTL_FAST_MATH = YES;
				SDKROOT = iphoneos;
				SWIFT_COMPILATION_MODE = wholemodule;
				VALIDATE_PRODUCT = YES;
			};
			name = Release;
		};
		D8201FD62C606935004DF06C /* Debug */ = {
			isa = XCBuildConfiguration;
			baseConfigurationReference = 410BBCBE2C77A2FC00FE2E18 /* SERVICEKEY.xcconfig */;
			buildSettings = {
				ASSETCATALOG_COMPILER_APPICON_NAME = AppIcon;
				ASSETCATALOG_COMPILER_GLOBAL_ACCENT_COLOR_NAME = AccentColor;
				CODE_SIGN_ENTITLEMENTS = Letports/Letports.entitlements;
				"CODE_SIGN_IDENTITY[sdk=iphoneos*]" = "iPhone Developer";
				CODE_SIGN_STYLE = Manual;
				CURRENT_PROJECT_VERSION = 1;
				DEVELOPMENT_TEAM = "";
				"DEVELOPMENT_TEAM[sdk=iphoneos*]" = 9VD7JAKR25;
				GENERATE_INFOPLIST_FILE = YES;
				INFOPLIST_FILE = Letports/Info.plist;
				INFOPLIST_KEY_NSPhotoLibraryUsageDescription = "앱이 사진 라이브러리에 접근하여 사진을 선택할 수 있습니다.";
				INFOPLIST_KEY_UIApplicationSupportsIndirectInputEvents = YES;
				INFOPLIST_KEY_UILaunchStoryboardName = LaunchScreen;
				INFOPLIST_KEY_UISupportedInterfaceOrientations = "UIInterfaceOrientationLandscapeLeft UIInterfaceOrientationLandscapeRight UIInterfaceOrientationPortrait";
				INFOPLIST_KEY_UISupportedInterfaceOrientations_iPad = "UIInterfaceOrientationLandscapeLeft UIInterfaceOrientationLandscapeRight UIInterfaceOrientationPortrait UIInterfaceOrientationPortraitUpsideDown";
				LD_RUNPATH_SEARCH_PATHS = (
					"$(inherited)",
					"@executable_path/Frameworks",
				);
				MARKETING_VERSION = 1.0;
				PRODUCT_BUNDLE_IDENTIFIER = com.mosi.Letports;
				PRODUCT_NAME = "$(TARGET_NAME)";
				PROVISIONING_PROFILE_SPECIFIER = "";
				"PROVISIONING_PROFILE_SPECIFIER[sdk=iphoneos*]" = Letports;
				SUPPORTED_PLATFORMS = "iphoneos iphonesimulator";
				SUPPORTS_MACCATALYST = NO;
				SUPPORTS_MAC_DESIGNED_FOR_IPHONE_IPAD = NO;
				SUPPORTS_XR_DESIGNED_FOR_IPHONE_IPAD = NO;
				SWIFT_EMIT_LOC_STRINGS = YES;
				SWIFT_VERSION = 5.0;
				TARGETED_DEVICE_FAMILY = 1;
			};
			name = Debug;
		};
		D8201FD72C606935004DF06C /* Release */ = {
			isa = XCBuildConfiguration;
			baseConfigurationReference = 410BBCBE2C77A2FC00FE2E18 /* SERVICEKEY.xcconfig */;
			buildSettings = {
				ASSETCATALOG_COMPILER_APPICON_NAME = AppIcon;
				ASSETCATALOG_COMPILER_GLOBAL_ACCENT_COLOR_NAME = AccentColor;
				CODE_SIGN_ENTITLEMENTS = Letports/Letports.entitlements;
				"CODE_SIGN_IDENTITY[sdk=iphoneos*]" = "iPhone Developer";
				CODE_SIGN_STYLE = Manual;
				CURRENT_PROJECT_VERSION = 1;
				DEVELOPMENT_TEAM = "";
				"DEVELOPMENT_TEAM[sdk=iphoneos*]" = 9VD7JAKR25;
				GENERATE_INFOPLIST_FILE = YES;
				INFOPLIST_FILE = Letports/Info.plist;
				INFOPLIST_KEY_NSPhotoLibraryUsageDescription = "앱이 사진 라이브러리에 접근하여 사진을 선택할 수 있습니다.";
				INFOPLIST_KEY_UIApplicationSupportsIndirectInputEvents = YES;
				INFOPLIST_KEY_UILaunchStoryboardName = LaunchScreen;
				INFOPLIST_KEY_UISupportedInterfaceOrientations = "UIInterfaceOrientationLandscapeLeft UIInterfaceOrientationLandscapeRight UIInterfaceOrientationPortrait";
				INFOPLIST_KEY_UISupportedInterfaceOrientations_iPad = "UIInterfaceOrientationLandscapeLeft UIInterfaceOrientationLandscapeRight UIInterfaceOrientationPortrait UIInterfaceOrientationPortraitUpsideDown";
				LD_RUNPATH_SEARCH_PATHS = (
					"$(inherited)",
					"@executable_path/Frameworks",
				);
				MARKETING_VERSION = 1.0;
				PRODUCT_BUNDLE_IDENTIFIER = com.mosi.Letports;
				PRODUCT_NAME = "$(TARGET_NAME)";
				PROVISIONING_PROFILE_SPECIFIER = "";
				"PROVISIONING_PROFILE_SPECIFIER[sdk=iphoneos*]" = Letports;
				SUPPORTED_PLATFORMS = "iphoneos iphonesimulator";
				SUPPORTS_MACCATALYST = NO;
				SUPPORTS_MAC_DESIGNED_FOR_IPHONE_IPAD = NO;
				SUPPORTS_XR_DESIGNED_FOR_IPHONE_IPAD = NO;
				SWIFT_EMIT_LOC_STRINGS = YES;
				SWIFT_VERSION = 5.0;
				TARGETED_DEVICE_FAMILY = 1;
			};
			name = Release;
		};
		D8201FD92C606935004DF06C /* Debug */ = {
			isa = XCBuildConfiguration;
			buildSettings = {
				ALWAYS_EMBED_SWIFT_STANDARD_LIBRARIES = YES;
				BUNDLE_LOADER = "$(TEST_HOST)";
				CODE_SIGN_STYLE = Manual;
				CURRENT_PROJECT_VERSION = 1;
				DEVELOPMENT_TEAM = "";
				GENERATE_INFOPLIST_FILE = YES;
				IPHONEOS_DEPLOYMENT_TARGET = 17.4;
				MARKETING_VERSION = 1.0;
				PRODUCT_BUNDLE_IDENTIFIER = com.AppSchool5.LetportsTests;
				PRODUCT_NAME = "$(TARGET_NAME)";
				PROVISIONING_PROFILE_SPECIFIER = "";
				SWIFT_EMIT_LOC_STRINGS = NO;
				SWIFT_VERSION = 5.0;
				TARGETED_DEVICE_FAMILY = "1,2";
				TEST_HOST = "$(BUILT_PRODUCTS_DIR)/Letports.app/$(BUNDLE_EXECUTABLE_FOLDER_PATH)/Letports";
			};
			name = Debug;
		};
		D8201FDA2C606935004DF06C /* Release */ = {
			isa = XCBuildConfiguration;
			buildSettings = {
				ALWAYS_EMBED_SWIFT_STANDARD_LIBRARIES = YES;
				BUNDLE_LOADER = "$(TEST_HOST)";
				CODE_SIGN_STYLE = Manual;
				CURRENT_PROJECT_VERSION = 1;
				DEVELOPMENT_TEAM = "";
				GENERATE_INFOPLIST_FILE = YES;
				IPHONEOS_DEPLOYMENT_TARGET = 17.4;
				MARKETING_VERSION = 1.0;
				PRODUCT_BUNDLE_IDENTIFIER = com.AppSchool5.LetportsTests;
				PRODUCT_NAME = "$(TARGET_NAME)";
				PROVISIONING_PROFILE_SPECIFIER = "";
				SWIFT_EMIT_LOC_STRINGS = NO;
				SWIFT_VERSION = 5.0;
				TARGETED_DEVICE_FAMILY = "1,2";
				TEST_HOST = "$(BUILT_PRODUCTS_DIR)/Letports.app/$(BUNDLE_EXECUTABLE_FOLDER_PATH)/Letports";
			};
			name = Release;
		};
		D8201FDC2C606935004DF06C /* Debug */ = {
			isa = XCBuildConfiguration;
			buildSettings = {
				ALWAYS_EMBED_SWIFT_STANDARD_LIBRARIES = YES;
				CODE_SIGN_STYLE = Manual;
				CURRENT_PROJECT_VERSION = 1;
				DEVELOPMENT_TEAM = "";
				GENERATE_INFOPLIST_FILE = YES;
				MARKETING_VERSION = 1.0;
				PRODUCT_BUNDLE_IDENTIFIER = com.AppSchool5.LetportsUITests;
				PRODUCT_NAME = "$(TARGET_NAME)";
				PROVISIONING_PROFILE_SPECIFIER = "";
				SWIFT_EMIT_LOC_STRINGS = NO;
				SWIFT_VERSION = 5.0;
				TARGETED_DEVICE_FAMILY = "1,2";
				TEST_TARGET_NAME = Letports;
			};
			name = Debug;
		};
		D8201FDD2C606935004DF06C /* Release */ = {
			isa = XCBuildConfiguration;
			buildSettings = {
				ALWAYS_EMBED_SWIFT_STANDARD_LIBRARIES = YES;
				CODE_SIGN_STYLE = Manual;
				CURRENT_PROJECT_VERSION = 1;
				DEVELOPMENT_TEAM = "";
				GENERATE_INFOPLIST_FILE = YES;
				MARKETING_VERSION = 1.0;
				PRODUCT_BUNDLE_IDENTIFIER = com.AppSchool5.LetportsUITests;
				PRODUCT_NAME = "$(TARGET_NAME)";
				PROVISIONING_PROFILE_SPECIFIER = "";
				SWIFT_EMIT_LOC_STRINGS = NO;
				SWIFT_VERSION = 5.0;
				TARGETED_DEVICE_FAMILY = "1,2";
				TEST_TARGET_NAME = Letports;
			};
			name = Release;
		};
/* End XCBuildConfiguration section */

/* Begin XCConfigurationList section */
		D8201FA92C606934004DF06C /* Build configuration list for PBXProject "Letports" */ = {
			isa = XCConfigurationList;
			buildConfigurations = (
				D8201FD32C606935004DF06C /* Debug */,
				D8201FD42C606935004DF06C /* Release */,
			);
			defaultConfigurationIsVisible = 0;
			defaultConfigurationName = Release;
		};
		D8201FD52C606935004DF06C /* Build configuration list for PBXNativeTarget "Letports" */ = {
			isa = XCConfigurationList;
			buildConfigurations = (
				D8201FD62C606935004DF06C /* Debug */,
				D8201FD72C606935004DF06C /* Release */,
			);
			defaultConfigurationIsVisible = 0;
			defaultConfigurationName = Release;
		};
		D8201FD82C606935004DF06C /* Build configuration list for PBXNativeTarget "LetportsTests" */ = {
			isa = XCConfigurationList;
			buildConfigurations = (
				D8201FD92C606935004DF06C /* Debug */,
				D8201FDA2C606935004DF06C /* Release */,
			);
			defaultConfigurationIsVisible = 0;
			defaultConfigurationName = Release;
		};
		D8201FDB2C606935004DF06C /* Build configuration list for PBXNativeTarget "LetportsUITests" */ = {
			isa = XCConfigurationList;
			buildConfigurations = (
				D8201FDC2C606935004DF06C /* Debug */,
				D8201FDD2C606935004DF06C /* Release */,
			);
			defaultConfigurationIsVisible = 0;
			defaultConfigurationName = Release;
		};
/* End XCConfigurationList section */

/* Begin XCRemoteSwiftPackageReference section */
		410BBCA42C778DF600FE2E18 /* XCRemoteSwiftPackageReference "Kingfisher" */ = {
			isa = XCRemoteSwiftPackageReference;
			repositoryURL = "https://github.com/onevcat/Kingfisher.git";
			requirement = {
				kind = upToNextMajorVersion;
				minimumVersion = 7.12.0;
			};
		};
		410BBCA72C778E0300FE2E18 /* XCRemoteSwiftPackageReference "KoTextCountLimit" */ = {
			isa = XCRemoteSwiftPackageReference;
			repositoryURL = "https://github.com/iOS-Ruel/KoTextCountLimit";
			requirement = {
				kind = upToNextMajorVersion;
				minimumVersion = 1.0.2;
			};
		};
		410BBCAA2C778E1500FE2E18 /* XCRemoteSwiftPackageReference "GoogleSignIn-iOS" */ = {
			isa = XCRemoteSwiftPackageReference;
			repositoryURL = "https://github.com/google/GoogleSignIn-iOS";
			requirement = {
				kind = upToNextMajorVersion;
				minimumVersion = 8.0.0;
			};
		};
		BF8874022C7A538000E86CA0 /* XCRemoteSwiftPackageReference "firebase-ios-sdk" */ = {
			isa = XCRemoteSwiftPackageReference;
			repositoryURL = "https://github.com/firebase/firebase-ios-sdk.git";
			requirement = {
				kind = upToNextMajorVersion;
				minimumVersion = 11.1.0;
			};
		};
/* End XCRemoteSwiftPackageReference section */

/* Begin XCSwiftPackageProductDependency section */
		410BBCA52C778DF600FE2E18 /* Kingfisher */ = {
			isa = XCSwiftPackageProductDependency;
			package = 410BBCA42C778DF600FE2E18 /* XCRemoteSwiftPackageReference "Kingfisher" */;
			productName = Kingfisher;
		};
		410BBCA82C778E0300FE2E18 /* KoTextCountLimit */ = {
			isa = XCSwiftPackageProductDependency;
			package = 410BBCA72C778E0300FE2E18 /* XCRemoteSwiftPackageReference "KoTextCountLimit" */;
			productName = KoTextCountLimit;
		};
		410BBCAB2C778E1500FE2E18 /* GoogleSignIn */ = {
			isa = XCSwiftPackageProductDependency;
			package = 410BBCAA2C778E1500FE2E18 /* XCRemoteSwiftPackageReference "GoogleSignIn-iOS" */;
			productName = GoogleSignIn;
		};
		BF8874032C7A538000E86CA0 /* FirebaseAnalytics */ = {
			isa = XCSwiftPackageProductDependency;
			package = BF8874022C7A538000E86CA0 /* XCRemoteSwiftPackageReference "firebase-ios-sdk" */;
			productName = FirebaseAnalytics;
		};
		BF8874052C7A538000E86CA0 /* FirebaseAuth */ = {
			isa = XCSwiftPackageProductDependency;
			package = BF8874022C7A538000E86CA0 /* XCRemoteSwiftPackageReference "firebase-ios-sdk" */;
			productName = FirebaseAuth;
		};
		BF8874072C7A538000E86CA0 /* FirebaseFirestore */ = {
			isa = XCSwiftPackageProductDependency;
			package = BF8874022C7A538000E86CA0 /* XCRemoteSwiftPackageReference "firebase-ios-sdk" */;
			productName = FirebaseFirestore;
		};
		BF8874092C7A538000E86CA0 /* FirebaseStorage */ = {
			isa = XCSwiftPackageProductDependency;
			package = BF8874022C7A538000E86CA0 /* XCRemoteSwiftPackageReference "firebase-ios-sdk" */;
			productName = FirebaseStorage;
		};
/* End XCSwiftPackageProductDependency section */
	};
	rootObject = D8201FA62C606934004DF06C /* Project object */;
}
